{
  "version": 4,
  "terraform_version": "1.6.2",
  "serial": 59,
  "lineage": "966ddbe2-093c-ac5c-419a-08ff562e8e16",
  "outputs": {
    "resouce_group_name": {
      "value": "20231027-lab",
      "type": "string"
    },
    "vm_admin_name": {
      "value": "AzureAdmin",
      "type": "string"
    },
    "vm_admin_pasword": {
      "value": "P@ssw0rd1234",
      "type": "string",
      "sensitive": true
    },
    "vm_public_ip_address": {
      "value": "20.127.27.136",
      "type": "string"
    }
  },
  "resources": [
    {
      "mode": "managed",
      "type": "azurerm_resource_group",
      "name": "rg_main",
      "provider": "provider[\"registry.terraform.io/hashicorp/azurerm\"]",
      "instances": [
        {
          "schema_version": 0,
          "attributes": {
            "id": "/subscriptions/42edd95d-ae8d-41c1-ac55-40bf336687b4/resourceGroups/20231027-lab",
            "location": "eastus",
            "managed_by": "",
            "name": "20231027-lab",
            "tags": {},
            "timeouts": null
          },
          "sensitive_attributes": [],
          "private": "eyJlMmJmYjczMC1lY2FhLTExZTYtOGY4OC0zNDM2M2JjN2M0YzAiOnsiY3JlYXRlIjo1NDAwMDAwMDAwMDAwLCJkZWxldGUiOjU0MDAwMDAwMDAwMDAsInJlYWQiOjMwMDAwMDAwMDAwMCwidXBkYXRlIjo1NDAwMDAwMDAwMDAwfX0=",
          "dependencies": [
            "random_pet.suffix"
          ]
        }
      ]
    },
    {
      "mode": "managed",
      "type": "random_pet",
      "name": "suffix",
      "provider": "provider[\"registry.terraform.io/hashicorp/random\"]",
      "instances": [
        {
          "schema_version": 0,
          "attributes": {
            "id": "lab",
            "keepers": null,
            "length": 1,
            "prefix": null,
            "separator": "-"
          },
          "sensitive_attributes": []
        }
      ]
    }
  ],
  "check_results": null
}
