{
  "version": 4,
  "terraform_version": "1.6.2",
  "serial": 395,
  "lineage": "85d102af-27a8-f85b-1383-4ddbae3fbcb0",
  "outputs": {
    "azfw_public_ip": {
      "value": "20.18.54.29",
      "type": "string"
    }
  },
  "resources": [
    {
      "mode": "managed",
      "type": "azurerm_firewall",
      "name": "azfw_hub",
      "provider": "provider[\"registry.terraform.io/hashicorp/azurerm\"]",
      "instances": [
        {
          "schema_version": 0,
          "attributes": {
            "dns_servers": null,
            "firewall_policy_id": "/subscriptions/42edd95d-ae8d-41c1-ac55-40bf336687b4/resourceGroups/tf-deploy-hub-rg/providers/Microsoft.Network/firewallPolicies/azfw-hub-policy",
            "id": "/subscriptions/42edd95d-ae8d-41c1-ac55-40bf336687b4/resourceGroups/tf-deploy-hub-rg/providers/Microsoft.Network/azureFirewalls/azfw-hub",
            "ip_configuration": [
              {
                "name": "azfw-ipconfig1",
                "private_ip_address": "10.0.0.4",
                "public_ip_address_id": "/subscriptions/42edd95d-ae8d-41c1-ac55-40bf336687b4/resourceGroups/tf-deploy-hub-rg/providers/Microsoft.Network/publicIPAddresses/azfw-hub-pip",
                "subnet_id": "/subscriptions/42edd95d-ae8d-41c1-ac55-40bf336687b4/resourceGroups/tf-deploy-hub-rg/providers/Microsoft.Network/virtualNetworks/vnet-hub/subnets/AzureFirewallSubnet"
              }
            ],
            "location": "japaneast",
            "management_ip_configuration": [],
            "name": "azfw-hub",
            "private_ip_ranges": null,
            "resource_group_name": "tf-deploy-hub-rg",
            "sku_name": "AZFW_VNet",
            "sku_tier": "Standard",
            "tags": null,
            "threat_intel_mode": "Alert",
            "timeouts": null,
            "virtual_hub": [],
            "zones": null
          },
          "sensitive_attributes": [],
          "private": "eyJlMmJmYjczMC1lY2FhLTExZTYtOGY4OC0zNDM2M2JjN2M0YzAiOnsiY3JlYXRlIjo1NDAwMDAwMDAwMDAwLCJkZWxldGUiOjU0MDAwMDAwMDAwMDAsInJlYWQiOjMwMDAwMDAwMDAwMCwidXBkYXRlIjo1NDAwMDAwMDAwMDAwfX0=",
          "dependencies": [
            "azurerm_firewall_policy.azfw_hub_policy",
            "azurerm_public_ip.azfw_hub_pip",
            "azurerm_resource_group.rg_hub",
            "azurerm_subnet.hub_subnets",
            "azurerm_virtual_network.hub_vnet"
          ]
        }
      ]
    },
    {
      "mode": "managed",
      "type": "azurerm_firewall_policy",
      "name": "azfw_hub_policy",
      "provider": "provider[\"registry.terraform.io/hashicorp/azurerm\"]",
      "instances": [
        {
          "schema_version": 0,
          "attributes": {
            "auto_learn_private_ranges_enabled": false,
            "base_policy_id": "",
            "child_policies": [],
            "dns": [],
            "explicit_proxy": [],
            "firewalls": [],
            "id": "/subscriptions/42edd95d-ae8d-41c1-ac55-40bf336687b4/resourceGroups/tf-deploy-hub-rg/providers/Microsoft.Network/firewallPolicies/azfw-hub-policy",
            "identity": [],
            "insights": [],
            "intrusion_detection": [],
            "location": "japaneast",
            "name": "azfw-hub-policy",
            "private_ip_ranges": null,
            "resource_group_name": "tf-deploy-hub-rg",
            "rule_collection_groups": [],
            "sku": "Standard",
            "sql_redirect_allowed": null,
            "tags": null,
            "threat_intelligence_allowlist": [],
            "threat_intelligence_mode": "Alert",
            "timeouts": null,
            "tls_certificate": []
          },
          "sensitive_attributes": [],
          "private": "eyJlMmJmYjczMC1lY2FhLTExZTYtOGY4OC0zNDM2M2JjN2M0YzAiOnsiY3JlYXRlIjoxODAwMDAwMDAwMDAwLCJkZWxldGUiOjE4MDAwMDAwMDAwMDAsInJlYWQiOjMwMDAwMDAwMDAwMCwidXBkYXRlIjoxODAwMDAwMDAwMDAwfX0=",
          "dependencies": [
            "azurerm_resource_group.rg_hub"
          ]
        }
      ]
    },
    {
      "mode": "managed",
      "type": "azurerm_firewall_policy_rule_collection_group",
      "name": "azfw_natrule_collection",
      "provider": "provider[\"registry.terraform.io/hashicorp/azurerm\"]",
      "instances": [
        {
          "schema_version": 0,
          "attributes": {
            "application_rule_collection": [],
            "firewall_policy_id": "/subscriptions/42edd95d-ae8d-41c1-ac55-40bf336687b4/resourceGroups/tf-deploy-hub-rg/providers/Microsoft.Network/firewallPolicies/azfw-hub-policy",
            "id": "/subscriptions/42edd95d-ae8d-41c1-ac55-40bf336687b4/resourceGroups/tf-deploy-hub-rg/providers/Microsoft.Network/firewallPolicies/azfw-hub-policy/ruleCollectionGroups/DefaultDnatRuleCollectionGroup",
            "name": "DefaultDnatRuleCollectionGroup",
            "nat_rule_collection": [
              {
                "action": "Dnat",
                "name": "DefaultDnatRuleCollection",
                "priority": 200,
                "rule": [
                  {
                    "description": "",
                    "destination_address": "20.18.54.29",
                    "destination_ports": [
                      "22"
                    ],
                    "name": "nat-jumpbox",
                    "protocols": [
                      "TCP"
                    ],
                    "source_addresses": [
                      "*"
                    ],
                    "source_ip_groups": null,
                    "translated_address": "10.0.100.4",
                    "translated_fqdn": "",
                    "translated_port": 22
                  }
                ]
              }
            ],
            "network_rule_collection": [],
            "priority": 200,
            "timeouts": null
          },
          "sensitive_attributes": [],
          "private": "eyJlMmJmYjczMC1lY2FhLTExZTYtOGY4OC0zNDM2M2JjN2M0YzAiOnsiY3JlYXRlIjoxODAwMDAwMDAwMDAwLCJkZWxldGUiOjE4MDAwMDAwMDAwMDAsInJlYWQiOjMwMDAwMDAwMDAwMCwidXBkYXRlIjoxODAwMDAwMDAwMDAwfX0=",
          "dependencies": [
            "azurerm_firewall_policy.azfw_hub_policy",
            "azurerm_network_interface.vm_jumpbox_nic",
            "azurerm_public_ip.azfw_hub_pip",
            "azurerm_resource_group.rg_hub",
            "azurerm_subnet.hub_subnets",
            "azurerm_virtual_network.hub_vnet"
          ]
        }
      ]
    },
    {
      "mode": "managed",
      "type": "azurerm_firewall_policy_rule_collection_group",
      "name": "azfw_netrule_collection",
      "provider": "provider[\"registry.terraform.io/hashicorp/azurerm\"]",
      "instances": [
        {
          "schema_version": 0,
          "attributes": {
            "application_rule_collection": [],
            "firewall_policy_id": "/subscriptions/42edd95d-ae8d-41c1-ac55-40bf336687b4/resourceGroups/tf-deploy-hub-rg/providers/Microsoft.Network/firewallPolicies/azfw-hub-policy",
            "id": "/subscriptions/42edd95d-ae8d-41c1-ac55-40bf336687b4/resourceGroups/tf-deploy-hub-rg/providers/Microsoft.Network/firewallPolicies/azfw-hub-policy/ruleCollectionGroups/DefaultNetworkRuleCollectionGroup",
            "name": "DefaultNetworkRuleCollectionGroup",
            "nat_rule_collection": [],
            "network_rule_collection": [
              {
                "action": "Allow",
                "name": "DefaultNetworkRuleCollection",
                "priority": 200,
                "rule": [
                  {
                    "description": "",
                    "destination_addresses": [
                      "10.10.0.0/16",
                      "10.20.0.0/16"
                    ],
                    "destination_fqdns": null,
                    "destination_ip_groups": null,
                    "destination_ports": [
                      "*"
                    ],
                    "name": "allow-east-west-traffic",
                    "protocols": [
                      "Any"
                    ],
                    "source_addresses": [
                      "10.10.0.0/16",
                      "10.20.0.0/16"
                    ],
                    "source_ip_groups": null
                  }
                ]
              }
            ],
            "priority": 200,
            "timeouts": null
          },
          "sensitive_attributes": [],
          "private": "eyJlMmJmYjczMC1lY2FhLTExZTYtOGY4OC0zNDM2M2JjN2M0YzAiOnsiY3JlYXRlIjoxODAwMDAwMDAwMDAwLCJkZWxldGUiOjE4MDAwMDAwMDAwMDAsInJlYWQiOjMwMDAwMDAwMDAwMCwidXBkYXRlIjoxODAwMDAwMDAwMDAwfX0=",
          "dependencies": [
            "azurerm_firewall_policy.azfw_hub_policy",
            "azurerm_resource_group.rg_hub"
          ]
        }
      ]
    },
    {
      "mode": "managed",
      "type": "azurerm_linux_virtual_machine",
      "name": "vm_jumpbox",
      "provider": "provider[\"registry.terraform.io/hashicorp/azurerm\"]",
      "instances": [
        {
          "schema_version": 0,
          "attributes": {
            "additional_capabilities": [],
            "admin_password": "P@ssw0rd1234",
            "admin_ssh_key": [],
            "admin_username": "adminuser",
            "allow_extension_operations": true,
            "availability_set_id": "",
            "boot_diagnostics": [],
            "bypass_platform_safety_checks_on_user_schedule_enabled": false,
            "capacity_reservation_group_id": "",
            "computer_name": "vm-jumpbox",
            "custom_data": null,
            "dedicated_host_group_id": "",
            "dedicated_host_id": "",
            "disable_password_authentication": false,
            "edge_zone": "",
            "encryption_at_host_enabled": false,
            "eviction_policy": "",
            "extensions_time_budget": "PT1H30M",
            "gallery_application": [],
            "id": "/subscriptions/42edd95d-ae8d-41c1-ac55-40bf336687b4/resourceGroups/tf-deploy-hub-rg/providers/Microsoft.Compute/virtualMachines/vm-jumpbox",
            "identity": [],
            "license_type": "",
            "location": "japaneast",
            "max_bid_price": -1,
            "name": "vm-jumpbox",
            "network_interface_ids": [
              "/subscriptions/42edd95d-ae8d-41c1-ac55-40bf336687b4/resourceGroups/tf-deploy-hub-rg/providers/Microsoft.Network/networkInterfaces/vm-jumpbox-nic"
            ],
            "os_disk": [
              {
                "caching": "ReadWrite",
                "diff_disk_settings": [],
                "disk_encryption_set_id": "",
                "disk_size_gb": 30,
                "name": "vm-jumpbox-osdisk",
                "secure_vm_disk_encryption_set_id": "",
                "security_encryption_type": "",
                "storage_account_type": "Standard_LRS",
                "write_accelerator_enabled": false
              }
            ],
            "patch_assessment_mode": "ImageDefault",
            "patch_mode": "ImageDefault",
            "plan": [],
            "platform_fault_domain": -1,
            "priority": "Regular",
            "private_ip_address": "10.0.100.4",
            "private_ip_addresses": [
              "10.0.100.4"
            ],
            "provision_vm_agent": true,
            "proximity_placement_group_id": "",
            "public_ip_address": "",
            "public_ip_addresses": [],
            "reboot_setting": "",
            "resource_group_name": "tf-deploy-hub-rg",
            "secret": [],
            "secure_boot_enabled": false,
            "size": "Standard_B1s",
            "source_image_id": "",
            "source_image_reference": [
              {
                "offer": "UbuntuServer",
                "publisher": "Canonical",
                "sku": "18.04-LTS",
                "version": "latest"
              }
            ],
            "tags": null,
            "termination_notification": null,
            "timeouts": null,
            "user_data": "",
            "virtual_machine_id": "71d7f4f0-5ca5-4d49-ab53-d71ef9c2bc70",
            "virtual_machine_scale_set_id": "",
            "vtpm_enabled": false,
            "zone": ""
          },
          "sensitive_attributes": [],
          "private": "eyJlMmJmYjczMC1lY2FhLTExZTYtOGY4OC0zNDM2M2JjN2M0YzAiOnsiY3JlYXRlIjoyNzAwMDAwMDAwMDAwLCJkZWxldGUiOjI3MDAwMDAwMDAwMDAsInJlYWQiOjMwMDAwMDAwMDAwMCwidXBkYXRlIjoyNzAwMDAwMDAwMDAwfX0=",
          "dependencies": [
            "azurerm_network_interface.vm_jumpbox_nic",
            "azurerm_resource_group.rg_hub",
            "azurerm_subnet.hub_subnets",
            "azurerm_virtual_network.hub_vnet"
          ]
        }
      ]
    },
    {
      "mode": "managed",
      "type": "azurerm_linux_virtual_machine",
      "name": "vm_spoke002",
      "provider": "provider[\"registry.terraform.io/hashicorp/azurerm\"]",
      "instances": [
        {
          "schema_version": 0,
          "attributes": {
            "additional_capabilities": [],
            "admin_password": "P@ssw0rd1234",
            "admin_ssh_key": [],
            "admin_username": "adminuser",
            "allow_extension_operations": true,
            "availability_set_id": "",
            "boot_diagnostics": [],
            "bypass_platform_safety_checks_on_user_schedule_enabled": false,
            "capacity_reservation_group_id": "",
            "computer_name": "vm-spoke002",
            "custom_data": null,
            "dedicated_host_group_id": "",
            "dedicated_host_id": "",
            "disable_password_authentication": false,
            "edge_zone": "",
            "encryption_at_host_enabled": false,
            "eviction_policy": "",
            "extensions_time_budget": "PT1H30M",
            "gallery_application": [],
            "id": "/subscriptions/42edd95d-ae8d-41c1-ac55-40bf336687b4/resourceGroups/tf-deploy-spoke-rg/providers/Microsoft.Compute/virtualMachines/vm-spoke002",
            "identity": [],
            "license_type": "",
            "location": "japaneast",
            "max_bid_price": -1,
            "name": "vm-spoke002",
            "network_interface_ids": [
              "/subscriptions/42edd95d-ae8d-41c1-ac55-40bf336687b4/resourceGroups/tf-deploy-spoke-rg/providers/Microsoft.Network/networkInterfaces/vm-spoke002-nic"
            ],
            "os_disk": [
              {
                "caching": "ReadWrite",
                "diff_disk_settings": [],
                "disk_encryption_set_id": "",
                "disk_size_gb": 30,
                "name": "osdisk-spoke002",
                "secure_vm_disk_encryption_set_id": "",
                "security_encryption_type": "",
                "storage_account_type": "Standard_LRS",
                "write_accelerator_enabled": false
              }
            ],
            "patch_assessment_mode": "ImageDefault",
            "patch_mode": "ImageDefault",
            "plan": [],
            "platform_fault_domain": -1,
            "priority": "Regular",
            "private_ip_address": "10.20.0.4",
            "private_ip_addresses": [
              "10.20.0.4"
            ],
            "provision_vm_agent": true,
            "proximity_placement_group_id": "",
            "public_ip_address": "20.18.55.109",
            "public_ip_addresses": [
              "20.18.55.109"
            ],
            "reboot_setting": "",
            "resource_group_name": "tf-deploy-spoke-rg",
            "secret": [],
            "secure_boot_enabled": false,
            "size": "Standard_B1s",
            "source_image_id": "",
            "source_image_reference": [
              {
                "offer": "UbuntuServer",
                "publisher": "Canonical",
                "sku": "18.04-LTS",
                "version": "latest"
              }
            ],
            "tags": null,
            "termination_notification": null,
            "timeouts": null,
            "user_data": "",
            "virtual_machine_id": "9a56b911-fb18-474b-b388-9f6673b31d3a",
            "virtual_machine_scale_set_id": "",
            "vtpm_enabled": false,
            "zone": ""
          },
          "sensitive_attributes": [],
          "private": "eyJlMmJmYjczMC1lY2FhLTExZTYtOGY4OC0zNDM2M2JjN2M0YzAiOnsiY3JlYXRlIjoyNzAwMDAwMDAwMDAwLCJkZWxldGUiOjI3MDAwMDAwMDAwMDAsInJlYWQiOjMwMDAwMDAwMDAwMCwidXBkYXRlIjoyNzAwMDAwMDAwMDAwfX0=",
          "dependencies": [
            "azurerm_network_interface.vm_spoke002_nic",
            "azurerm_public_ip.vm_spoke002_pip",
            "azurerm_resource_group.rg_spoke",
            "azurerm_subnet.spoke_002_subnets",
            "azurerm_virtual_network.spoke_vnet_002"
          ]
        }
      ]
    },
    {
      "mode": "managed",
      "type": "azurerm_network_interface",
      "name": "vm_jumpbox_nic",
      "provider": "provider[\"registry.terraform.io/hashicorp/azurerm\"]",
      "instances": [
        {
          "schema_version": 0,
          "attributes": {
            "applied_dns_servers": [],
            "auxiliary_mode": "",
            "auxiliary_sku": "",
            "dns_servers": [],
            "edge_zone": "",
            "enable_accelerated_networking": false,
            "enable_ip_forwarding": false,
            "id": "/subscriptions/42edd95d-ae8d-41c1-ac55-40bf336687b4/resourceGroups/tf-deploy-hub-rg/providers/Microsoft.Network/networkInterfaces/vm-jumpbox-nic",
            "internal_dns_name_label": "",
            "internal_domain_name_suffix": "uflmpxn2341exbd1dpud3jvf5a.lx.internal.cloudapp.net",
            "ip_configuration": [
              {
                "gateway_load_balancer_frontend_ip_configuration_id": "",
                "name": "ipconfig1",
                "primary": true,
                "private_ip_address": "10.0.100.4",
                "private_ip_address_allocation": "Dynamic",
                "private_ip_address_version": "IPv4",
                "public_ip_address_id": "",
                "subnet_id": "/subscriptions/42edd95d-ae8d-41c1-ac55-40bf336687b4/resourceGroups/tf-deploy-hub-rg/providers/Microsoft.Network/virtualNetworks/vnet-hub/subnets/subnet-hub-001"
              }
            ],
            "location": "japaneast",
            "mac_address": "",
            "name": "vm-jumpbox-nic",
            "private_ip_address": "10.0.100.4",
            "private_ip_addresses": [
              "10.0.100.4"
            ],
            "resource_group_name": "tf-deploy-hub-rg",
            "tags": null,
            "timeouts": null,
            "virtual_machine_id": ""
          },
          "sensitive_attributes": [],
          "private": "eyJlMmJmYjczMC1lY2FhLTExZTYtOGY4OC0zNDM2M2JjN2M0YzAiOnsiY3JlYXRlIjoxODAwMDAwMDAwMDAwLCJkZWxldGUiOjE4MDAwMDAwMDAwMDAsInJlYWQiOjMwMDAwMDAwMDAwMCwidXBkYXRlIjoxODAwMDAwMDAwMDAwfX0=",
          "dependencies": [
            "azurerm_resource_group.rg_hub",
            "azurerm_subnet.hub_subnets",
            "azurerm_virtual_network.hub_vnet"
          ]
        }
      ]
    },
    {
      "mode": "managed",
      "type": "azurerm_network_interface",
      "name": "vm_spoke001_nic",
      "provider": "provider[\"registry.terraform.io/hashicorp/azurerm\"]",
      "instances": [
        {
          "schema_version": 0,
          "attributes": {
            "applied_dns_servers": [],
            "auxiliary_mode": "",
            "auxiliary_sku": "",
            "dns_servers": [],
            "edge_zone": "",
            "enable_accelerated_networking": false,
            "enable_ip_forwarding": false,
            "id": "/subscriptions/42edd95d-ae8d-41c1-ac55-40bf336687b4/resourceGroups/tf-deploy-spoke-rg/providers/Microsoft.Network/networkInterfaces/vm-spoke001-nic",
            "internal_dns_name_label": "",
            "internal_domain_name_suffix": "rfjj5upvibsenpz0uipe0medvb.lx.internal.cloudapp.net",
            "ip_configuration": [
              {
                "gateway_load_balancer_frontend_ip_configuration_id": "",
                "name": "ipconfig1",
                "primary": true,
                "private_ip_address": "10.10.0.4",
                "private_ip_address_allocation": "Dynamic",
                "private_ip_address_version": "IPv4",
                "public_ip_address_id": "/subscriptions/42edd95d-ae8d-41c1-ac55-40bf336687b4/resourceGroups/tf-deploy-spoke-rg/providers/Microsoft.Network/publicIPAddresses/vm-spoke001-pip",
                "subnet_id": "/subscriptions/42edd95d-ae8d-41c1-ac55-40bf336687b4/resourceGroups/tf-deploy-spoke-rg/providers/Microsoft.Network/virtualNetworks/vnet-spoke-001/subnets/subnet-1"
              }
            ],
            "location": "japaneast",
            "mac_address": "",
            "name": "vm-spoke001-nic",
            "private_ip_address": "10.10.0.4",
            "private_ip_addresses": [
              "10.10.0.4"
            ],
            "resource_group_name": "tf-deploy-spoke-rg",
            "tags": null,
            "timeouts": null,
            "virtual_machine_id": ""
          },
          "sensitive_attributes": [],
          "private": "eyJlMmJmYjczMC1lY2FhLTExZTYtOGY4OC0zNDM2M2JjN2M0YzAiOnsiY3JlYXRlIjoxODAwMDAwMDAwMDAwLCJkZWxldGUiOjE4MDAwMDAwMDAwMDAsInJlYWQiOjMwMDAwMDAwMDAwMCwidXBkYXRlIjoxODAwMDAwMDAwMDAwfX0=",
          "dependencies": [
            "azurerm_public_ip.vm_spoke001_pip",
            "azurerm_resource_group.rg_spoke",
            "azurerm_subnet.spoke_001_subnets",
            "azurerm_virtual_network.spoke_vnet_001"
          ]
        }
      ]
    },
    {
      "mode": "managed",
      "type": "azurerm_network_interface",
      "name": "vm_spoke002_nic",
      "provider": "provider[\"registry.terraform.io/hashicorp/azurerm\"]",
      "instances": [
        {
          "schema_version": 0,
          "attributes": {
            "applied_dns_servers": [],
            "auxiliary_mode": "",
            "auxiliary_sku": "",
            "dns_servers": [],
            "edge_zone": "",
            "enable_accelerated_networking": false,
            "enable_ip_forwarding": false,
            "id": "/subscriptions/42edd95d-ae8d-41c1-ac55-40bf336687b4/resourceGroups/tf-deploy-spoke-rg/providers/Microsoft.Network/networkInterfaces/vm-spoke002-nic",
            "internal_dns_name_label": "",
            "internal_domain_name_suffix": "0z3kf5ifhnqunkf0wqg1y20sog.lx.internal.cloudapp.net",
            "ip_configuration": [
              {
                "gateway_load_balancer_frontend_ip_configuration_id": "",
                "name": "ipconfig1",
                "primary": true,
                "private_ip_address": "10.20.0.4",
                "private_ip_address_allocation": "Dynamic",
                "private_ip_address_version": "IPv4",
                "public_ip_address_id": "/subscriptions/42edd95d-ae8d-41c1-ac55-40bf336687b4/resourceGroups/tf-deploy-spoke-rg/providers/Microsoft.Network/publicIPAddresses/vm-spoke002-pip",
                "subnet_id": "/subscriptions/42edd95d-ae8d-41c1-ac55-40bf336687b4/resourceGroups/tf-deploy-spoke-rg/providers/Microsoft.Network/virtualNetworks/vnet-spoke-002/subnets/subnet-1"
              }
            ],
            "location": "japaneast",
            "mac_address": "",
            "name": "vm-spoke002-nic",
            "private_ip_address": "10.20.0.4",
            "private_ip_addresses": [
              "10.20.0.4"
            ],
            "resource_group_name": "tf-deploy-spoke-rg",
            "tags": null,
            "timeouts": null,
            "virtual_machine_id": ""
          },
          "sensitive_attributes": [],
          "private": "eyJlMmJmYjczMC1lY2FhLTExZTYtOGY4OC0zNDM2M2JjN2M0YzAiOnsiY3JlYXRlIjoxODAwMDAwMDAwMDAwLCJkZWxldGUiOjE4MDAwMDAwMDAwMDAsInJlYWQiOjMwMDAwMDAwMDAwMCwidXBkYXRlIjoxODAwMDAwMDAwMDAwfX0=",
          "dependencies": [
            "azurerm_public_ip.vm_spoke002_pip",
            "azurerm_resource_group.rg_spoke",
            "azurerm_subnet.spoke_002_subnets",
            "azurerm_virtual_network.spoke_vnet_002"
          ]
        }
      ]
    },
    {
      "mode": "managed",
      "type": "azurerm_network_security_group",
      "name": "nsg_hub",
      "provider": "provider[\"registry.terraform.io/hashicorp/azurerm\"]",
      "instances": [
        {
          "schema_version": 0,
          "attributes": {
            "id": "/subscriptions/42edd95d-ae8d-41c1-ac55-40bf336687b4/resourceGroups/tf-deploy-hub-rg/providers/Microsoft.Network/networkSecurityGroups/nsg-hub",
            "location": "japaneast",
            "name": "nsg-hub",
            "resource_group_name": "tf-deploy-hub-rg",
            "security_rule": [],
            "tags": null,
            "timeouts": null
          },
          "sensitive_attributes": [],
          "private": "eyJlMmJmYjczMC1lY2FhLTExZTYtOGY4OC0zNDM2M2JjN2M0YzAiOnsiY3JlYXRlIjoxODAwMDAwMDAwMDAwLCJkZWxldGUiOjE4MDAwMDAwMDAwMDAsInJlYWQiOjMwMDAwMDAwMDAwMCwidXBkYXRlIjoxODAwMDAwMDAwMDAwfX0=",
          "dependencies": [
            "azurerm_resource_group.rg_hub"
          ]
        }
      ]
    },
    {
      "mode": "managed",
      "type": "azurerm_network_security_group",
      "name": "nsg_spoke001",
      "provider": "provider[\"registry.terraform.io/hashicorp/azurerm\"]",
      "instances": [
        {
          "schema_version": 0,
          "attributes": {
            "id": "/subscriptions/42edd95d-ae8d-41c1-ac55-40bf336687b4/resourceGroups/tf-deploy-spoke-rg/providers/Microsoft.Network/networkSecurityGroups/nsg-spoke-001",
            "location": "japaneast",
            "name": "nsg-spoke-001",
            "resource_group_name": "tf-deploy-spoke-rg",
            "security_rule": [
              {
                "access": "Allow",
                "description": "",
                "destination_address_prefix": "*",
                "destination_address_prefixes": [],
                "destination_application_security_group_ids": [],
                "destination_port_range": "22",
                "destination_port_ranges": [],
                "direction": "Inbound",
                "name": "SSH",
                "priority": 1000,
                "protocol": "*",
                "source_address_prefix": "*",
                "source_address_prefixes": [],
                "source_application_security_group_ids": [],
                "source_port_range": "*",
                "source_port_ranges": []
              }
            ],
            "tags": null,
            "timeouts": null
          },
          "sensitive_attributes": [],
          "private": "eyJlMmJmYjczMC1lY2FhLTExZTYtOGY4OC0zNDM2M2JjN2M0YzAiOnsiY3JlYXRlIjoxODAwMDAwMDAwMDAwLCJkZWxldGUiOjE4MDAwMDAwMDAwMDAsInJlYWQiOjMwMDAwMDAwMDAwMCwidXBkYXRlIjoxODAwMDAwMDAwMDAwfX0=",
          "dependencies": [
            "azurerm_resource_group.rg_spoke"
          ]
        }
      ]
    },
    {
      "mode": "managed",
      "type": "azurerm_network_security_group",
      "name": "nsg_spoke002",
      "provider": "provider[\"registry.terraform.io/hashicorp/azurerm\"]",
      "instances": [
        {
          "schema_version": 0,
          "attributes": {
            "id": "/subscriptions/42edd95d-ae8d-41c1-ac55-40bf336687b4/resourceGroups/tf-deploy-spoke-rg/providers/Microsoft.Network/networkSecurityGroups/nsg-spoke-002",
            "location": "japaneast",
            "name": "nsg-spoke-002",
            "resource_group_name": "tf-deploy-spoke-rg",
            "security_rule": [
              {
                "access": "Allow",
                "description": "",
                "destination_address_prefix": "*",
                "destination_address_prefixes": [],
                "destination_application_security_group_ids": [],
                "destination_port_range": "22",
                "destination_port_ranges": [],
                "direction": "Inbound",
                "name": "SSH",
                "priority": 1000,
                "protocol": "*",
                "source_address_prefix": "*",
                "source_address_prefixes": [],
                "source_application_security_group_ids": [],
                "source_port_range": "*",
                "source_port_ranges": []
              }
            ],
            "tags": null,
            "timeouts": null
          },
          "sensitive_attributes": [],
          "private": "eyJlMmJmYjczMC1lY2FhLTExZTYtOGY4OC0zNDM2M2JjN2M0YzAiOnsiY3JlYXRlIjoxODAwMDAwMDAwMDAwLCJkZWxldGUiOjE4MDAwMDAwMDAwMDAsInJlYWQiOjMwMDAwMDAwMDAwMCwidXBkYXRlIjoxODAwMDAwMDAwMDAwfX0=",
          "dependencies": [
            "azurerm_resource_group.rg_spoke"
          ]
        }
      ]
    },
    {
      "mode": "managed",
      "type": "azurerm_public_ip",
      "name": "azfw_hub_pip",
      "provider": "provider[\"registry.terraform.io/hashicorp/azurerm\"]",
      "instances": [
        {
          "schema_version": 0,
          "attributes": {
            "allocation_method": "Static",
            "ddos_protection_mode": "VirtualNetworkInherited",
            "ddos_protection_plan_id": null,
            "domain_name_label": null,
            "edge_zone": "",
            "fqdn": null,
            "id": "/subscriptions/42edd95d-ae8d-41c1-ac55-40bf336687b4/resourceGroups/tf-deploy-hub-rg/providers/Microsoft.Network/publicIPAddresses/azfw-hub-pip",
            "idle_timeout_in_minutes": 4,
            "ip_address": "20.18.54.29",
            "ip_tags": null,
            "ip_version": "IPv4",
            "location": "japaneast",
            "name": "azfw-hub-pip",
            "public_ip_prefix_id": null,
            "resource_group_name": "tf-deploy-hub-rg",
            "reverse_fqdn": null,
            "sku": "Standard",
            "sku_tier": "Regional",
            "tags": null,
            "timeouts": null,
            "zones": null
          },
          "sensitive_attributes": [],
          "private": "eyJlMmJmYjczMC1lY2FhLTExZTYtOGY4OC0zNDM2M2JjN2M0YzAiOnsiY3JlYXRlIjoxODAwMDAwMDAwMDAwLCJkZWxldGUiOjE4MDAwMDAwMDAwMDAsInJlYWQiOjMwMDAwMDAwMDAwMCwidXBkYXRlIjoxODAwMDAwMDAwMDAwfX0=",
          "dependencies": [
            "azurerm_resource_group.rg_hub"
          ]
        }
      ]
    },
    {
      "mode": "managed",
      "type": "azurerm_public_ip",
      "name": "vm_spoke001_pip",
      "provider": "provider[\"registry.terraform.io/hashicorp/azurerm\"]",
      "instances": [
        {
          "schema_version": 0,
          "attributes": {
            "allocation_method": "Static",
            "ddos_protection_mode": "VirtualNetworkInherited",
            "ddos_protection_plan_id": null,
            "domain_name_label": null,
            "edge_zone": "",
            "fqdn": null,
            "id": "/subscriptions/42edd95d-ae8d-41c1-ac55-40bf336687b4/resourceGroups/tf-deploy-spoke-rg/providers/Microsoft.Network/publicIPAddresses/vm-spoke001-pip",
            "idle_timeout_in_minutes": 4,
            "ip_address": "20.48.28.240",
            "ip_tags": null,
            "ip_version": "IPv4",
            "location": "japaneast",
            "name": "vm-spoke001-pip",
            "public_ip_prefix_id": null,
            "resource_group_name": "tf-deploy-spoke-rg",
            "reverse_fqdn": null,
            "sku": "Standard",
            "sku_tier": "Regional",
            "tags": null,
            "timeouts": null,
            "zones": null
          },
          "sensitive_attributes": [],
          "private": "eyJlMmJmYjczMC1lY2FhLTExZTYtOGY4OC0zNDM2M2JjN2M0YzAiOnsiY3JlYXRlIjoxODAwMDAwMDAwMDAwLCJkZWxldGUiOjE4MDAwMDAwMDAwMDAsInJlYWQiOjMwMDAwMDAwMDAwMCwidXBkYXRlIjoxODAwMDAwMDAwMDAwfX0=",
          "dependencies": [
            "azurerm_resource_group.rg_spoke"
          ]
        }
      ]
    },
    {
      "mode": "managed",
      "type": "azurerm_public_ip",
      "name": "vm_spoke002_pip",
      "provider": "provider[\"registry.terraform.io/hashicorp/azurerm\"]",
      "instances": [
        {
          "schema_version": 0,
          "attributes": {
            "allocation_method": "Static",
            "ddos_protection_mode": "VirtualNetworkInherited",
            "ddos_protection_plan_id": null,
            "domain_name_label": null,
            "edge_zone": "",
            "fqdn": null,
            "id": "/subscriptions/42edd95d-ae8d-41c1-ac55-40bf336687b4/resourceGroups/tf-deploy-spoke-rg/providers/Microsoft.Network/publicIPAddresses/vm-spoke002-pip",
            "idle_timeout_in_minutes": 4,
            "ip_address": "20.18.55.109",
            "ip_tags": null,
            "ip_version": "IPv4",
            "location": "japaneast",
            "name": "vm-spoke002-pip",
            "public_ip_prefix_id": null,
            "resource_group_name": "tf-deploy-spoke-rg",
            "reverse_fqdn": null,
            "sku": "Standard",
            "sku_tier": "Regional",
            "tags": null,
            "timeouts": null,
            "zones": null
          },
          "sensitive_attributes": [],
          "private": "eyJlMmJmYjczMC1lY2FhLTExZTYtOGY4OC0zNDM2M2JjN2M0YzAiOnsiY3JlYXRlIjoxODAwMDAwMDAwMDAwLCJkZWxldGUiOjE4MDAwMDAwMDAwMDAsInJlYWQiOjMwMDAwMDAwMDAwMCwidXBkYXRlIjoxODAwMDAwMDAwMDAwfX0=",
          "dependencies": [
            "azurerm_resource_group.rg_spoke"
          ]
        }
      ]
    },
    {
      "mode": "managed",
      "type": "azurerm_resource_group",
      "name": "rg_hub",
      "provider": "provider[\"registry.terraform.io/hashicorp/azurerm\"]",
      "instances": [
        {
          "schema_version": 0,
          "attributes": {
            "id": "/subscriptions/42edd95d-ae8d-41c1-ac55-40bf336687b4/resourceGroups/tf-deploy-hub-rg",
            "location": "japaneast",
            "managed_by": "",
            "name": "tf-deploy-hub-rg",
            "tags": null,
            "timeouts": null
          },
          "sensitive_attributes": [],
          "private": "eyJlMmJmYjczMC1lY2FhLTExZTYtOGY4OC0zNDM2M2JjN2M0YzAiOnsiY3JlYXRlIjo1NDAwMDAwMDAwMDAwLCJkZWxldGUiOjU0MDAwMDAwMDAwMDAsInJlYWQiOjMwMDAwMDAwMDAwMCwidXBkYXRlIjo1NDAwMDAwMDAwMDAwfX0="
        }
      ]
    },
    {
      "mode": "managed",
      "type": "azurerm_resource_group",
      "name": "rg_spoke",
      "provider": "provider[\"registry.terraform.io/hashicorp/azurerm\"]",
      "instances": [
        {
          "schema_version": 0,
          "attributes": {
            "id": "/subscriptions/42edd95d-ae8d-41c1-ac55-40bf336687b4/resourceGroups/tf-deploy-spoke-rg",
            "location": "japaneast",
            "managed_by": "",
            "name": "tf-deploy-spoke-rg",
            "tags": null,
            "timeouts": null
          },
          "sensitive_attributes": [],
          "private": "eyJlMmJmYjczMC1lY2FhLTExZTYtOGY4OC0zNDM2M2JjN2M0YzAiOnsiY3JlYXRlIjo1NDAwMDAwMDAwMDAwLCJkZWxldGUiOjU0MDAwMDAwMDAwMDAsInJlYWQiOjMwMDAwMDAwMDAwMCwidXBkYXRlIjo1NDAwMDAwMDAwMDAwfX0="
        }
      ]
    },
    {
      "mode": "managed",
      "type": "azurerm_route_table",
      "name": "spoke001_rt",
      "provider": "provider[\"registry.terraform.io/hashicorp/azurerm\"]",
      "instances": [
        {
          "schema_version": 0,
          "attributes": {
            "disable_bgp_route_propagation": false,
            "id": "/subscriptions/42edd95d-ae8d-41c1-ac55-40bf336687b4/resourceGroups/tf-deploy-spoke-rg/providers/Microsoft.Network/routeTables/rt-spoke001",
            "location": "japaneast",
            "name": "rt-spoke001",
            "resource_group_name": "tf-deploy-spoke-rg",
            "route": [
              {
                "address_prefix": "0.0.0.0/0",
                "name": "defaultRoute",
                "next_hop_in_ip_address": "10.0.0.4",
                "next_hop_type": "VirtualAppliance"
              }
            ],
            "subnets": [],
            "tags": null,
            "timeouts": null
          },
          "sensitive_attributes": [],
          "private": "eyJlMmJmYjczMC1lY2FhLTExZTYtOGY4OC0zNDM2M2JjN2M0YzAiOnsiY3JlYXRlIjoxODAwMDAwMDAwMDAwLCJkZWxldGUiOjE4MDAwMDAwMDAwMDAsInJlYWQiOjMwMDAwMDAwMDAwMCwidXBkYXRlIjoxODAwMDAwMDAwMDAwfX0=",
          "dependencies": [
            "azurerm_firewall.azfw_hub",
            "azurerm_firewall_policy.azfw_hub_policy",
            "azurerm_public_ip.azfw_hub_pip",
            "azurerm_resource_group.rg_hub",
            "azurerm_resource_group.rg_spoke",
            "azurerm_subnet.hub_subnets",
            "azurerm_virtual_network.hub_vnet"
          ]
        }
      ]
    },
    {
      "mode": "managed",
      "type": "azurerm_route_table",
      "name": "spoke002_rt",
      "provider": "provider[\"registry.terraform.io/hashicorp/azurerm\"]",
      "instances": [
        {
          "schema_version": 0,
          "attributes": {
            "disable_bgp_route_propagation": false,
            "id": "/subscriptions/42edd95d-ae8d-41c1-ac55-40bf336687b4/resourceGroups/tf-deploy-spoke-rg/providers/Microsoft.Network/routeTables/rt-spoke002",
            "location": "japaneast",
            "name": "rt-spoke002",
            "resource_group_name": "tf-deploy-spoke-rg",
            "route": [
              {
                "address_prefix": "0.0.0.0/0",
                "name": "defaultRoute",
                "next_hop_in_ip_address": "10.0.0.4",
                "next_hop_type": "VirtualAppliance"
              }
            ],
            "subnets": [],
            "tags": null,
            "timeouts": null
          },
          "sensitive_attributes": [],
          "private": "eyJlMmJmYjczMC1lY2FhLTExZTYtOGY4OC0zNDM2M2JjN2M0YzAiOnsiY3JlYXRlIjoxODAwMDAwMDAwMDAwLCJkZWxldGUiOjE4MDAwMDAwMDAwMDAsInJlYWQiOjMwMDAwMDAwMDAwMCwidXBkYXRlIjoxODAwMDAwMDAwMDAwfX0=",
          "dependencies": [
            "azurerm_firewall.azfw_hub",
            "azurerm_firewall_policy.azfw_hub_policy",
            "azurerm_public_ip.azfw_hub_pip",
            "azurerm_resource_group.rg_hub",
            "azurerm_resource_group.rg_spoke",
            "azurerm_subnet.hub_subnets",
            "azurerm_virtual_network.hub_vnet"
          ]
        }
      ]
    },
    {
      "mode": "managed",
      "type": "azurerm_subnet",
      "name": "hub_subnets",
      "provider": "provider[\"registry.terraform.io/hashicorp/azurerm\"]",
      "instances": [
        {
          "index_key": "AzureFirewallSubnet",
          "schema_version": 0,
          "attributes": {
            "address_prefixes": [
              "10.0.0.0/24"
            ],
            "delegation": [],
            "enforce_private_link_endpoint_network_policies": false,
            "enforce_private_link_service_network_policies": false,
            "id": "/subscriptions/42edd95d-ae8d-41c1-ac55-40bf336687b4/resourceGroups/tf-deploy-hub-rg/providers/Microsoft.Network/virtualNetworks/vnet-hub/subnets/AzureFirewallSubnet",
            "name": "AzureFirewallSubnet",
            "private_endpoint_network_policies_enabled": true,
            "private_link_service_network_policies_enabled": true,
            "resource_group_name": "tf-deploy-hub-rg",
            "service_endpoint_policy_ids": null,
            "service_endpoints": null,
            "timeouts": null,
            "virtual_network_name": "vnet-hub"
          },
          "sensitive_attributes": [],
          "private": "eyJlMmJmYjczMC1lY2FhLTExZTYtOGY4OC0zNDM2M2JjN2M0YzAiOnsiY3JlYXRlIjoxODAwMDAwMDAwMDAwLCJkZWxldGUiOjE4MDAwMDAwMDAwMDAsInJlYWQiOjMwMDAwMDAwMDAwMCwidXBkYXRlIjoxODAwMDAwMDAwMDAwfX0=",
          "dependencies": [
            "azurerm_resource_group.rg_hub",
            "azurerm_virtual_network.hub_vnet"
          ]
        },
        {
          "index_key": "subnet-hub-001",
          "schema_version": 0,
          "attributes": {
            "address_prefixes": [
              "10.0.100.0/24"
            ],
            "delegation": [],
            "enforce_private_link_endpoint_network_policies": false,
            "enforce_private_link_service_network_policies": false,
            "id": "/subscriptions/42edd95d-ae8d-41c1-ac55-40bf336687b4/resourceGroups/tf-deploy-hub-rg/providers/Microsoft.Network/virtualNetworks/vnet-hub/subnets/subnet-hub-001",
            "name": "subnet-hub-001",
            "private_endpoint_network_policies_enabled": true,
            "private_link_service_network_policies_enabled": true,
            "resource_group_name": "tf-deploy-hub-rg",
            "service_endpoint_policy_ids": null,
            "service_endpoints": null,
            "timeouts": null,
            "virtual_network_name": "vnet-hub"
          },
          "sensitive_attributes": [],
          "private": "eyJlMmJmYjczMC1lY2FhLTExZTYtOGY4OC0zNDM2M2JjN2M0YzAiOnsiY3JlYXRlIjoxODAwMDAwMDAwMDAwLCJkZWxldGUiOjE4MDAwMDAwMDAwMDAsInJlYWQiOjMwMDAwMDAwMDAwMCwidXBkYXRlIjoxODAwMDAwMDAwMDAwfX0=",
          "dependencies": [
            "azurerm_resource_group.rg_hub",
            "azurerm_virtual_network.hub_vnet"
          ]
        }
      ]
    },
    {
      "mode": "managed",
      "type": "azurerm_subnet",
      "name": "spoke_001_subnets",
      "provider": "provider[\"registry.terraform.io/hashicorp/azurerm\"]",
      "instances": [
        {
          "index_key": 0,
          "schema_version": 0,
          "attributes": {
            "address_prefixes": [
              "10.10.0.0/24"
            ],
            "delegation": [],
            "enforce_private_link_endpoint_network_policies": false,
            "enforce_private_link_service_network_policies": false,
            "id": "/subscriptions/42edd95d-ae8d-41c1-ac55-40bf336687b4/resourceGroups/tf-deploy-spoke-rg/providers/Microsoft.Network/virtualNetworks/vnet-spoke-001/subnets/subnet-1",
            "name": "subnet-1",
            "private_endpoint_network_policies_enabled": true,
            "private_link_service_network_policies_enabled": true,
            "resource_group_name": "tf-deploy-spoke-rg",
            "service_endpoint_policy_ids": null,
            "service_endpoints": null,
            "timeouts": null,
            "virtual_network_name": "vnet-spoke-001"
          },
          "sensitive_attributes": [],
          "private": "eyJlMmJmYjczMC1lY2FhLTExZTYtOGY4OC0zNDM2M2JjN2M0YzAiOnsiY3JlYXRlIjoxODAwMDAwMDAwMDAwLCJkZWxldGUiOjE4MDAwMDAwMDAwMDAsInJlYWQiOjMwMDAwMDAwMDAwMCwidXBkYXRlIjoxODAwMDAwMDAwMDAwfX0=",
          "dependencies": [
            "azurerm_resource_group.rg_spoke",
            "azurerm_virtual_network.spoke_vnet_001"
          ]
        },
        {
          "index_key": 1,
          "schema_version": 0,
          "attributes": {
            "address_prefixes": [
              "10.10.1.0/24"
            ],
            "delegation": [],
            "enforce_private_link_endpoint_network_policies": false,
            "enforce_private_link_service_network_policies": false,
            "id": "/subscriptions/42edd95d-ae8d-41c1-ac55-40bf336687b4/resourceGroups/tf-deploy-spoke-rg/providers/Microsoft.Network/virtualNetworks/vnet-spoke-001/subnets/subnet-2",
            "name": "subnet-2",
            "private_endpoint_network_policies_enabled": true,
            "private_link_service_network_policies_enabled": true,
            "resource_group_name": "tf-deploy-spoke-rg",
            "service_endpoint_policy_ids": null,
            "service_endpoints": null,
            "timeouts": null,
            "virtual_network_name": "vnet-spoke-001"
          },
          "sensitive_attributes": [],
          "private": "eyJlMmJmYjczMC1lY2FhLTExZTYtOGY4OC0zNDM2M2JjN2M0YzAiOnsiY3JlYXRlIjoxODAwMDAwMDAwMDAwLCJkZWxldGUiOjE4MDAwMDAwMDAwMDAsInJlYWQiOjMwMDAwMDAwMDAwMCwidXBkYXRlIjoxODAwMDAwMDAwMDAwfX0=",
          "dependencies": [
            "azurerm_resource_group.rg_spoke",
            "azurerm_virtual_network.spoke_vnet_001"
          ]
        }
      ]
    },
    {
      "mode": "managed",
      "type": "azurerm_subnet",
      "name": "spoke_002_subnets",
      "provider": "provider[\"registry.terraform.io/hashicorp/azurerm\"]",
      "instances": [
        {
          "index_key": 0,
          "schema_version": 0,
          "attributes": {
            "address_prefixes": [
              "10.20.0.0/24"
            ],
            "delegation": [],
            "enforce_private_link_endpoint_network_policies": false,
            "enforce_private_link_service_network_policies": false,
            "id": "/subscriptions/42edd95d-ae8d-41c1-ac55-40bf336687b4/resourceGroups/tf-deploy-spoke-rg/providers/Microsoft.Network/virtualNetworks/vnet-spoke-002/subnets/subnet-1",
            "name": "subnet-1",
            "private_endpoint_network_policies_enabled": true,
            "private_link_service_network_policies_enabled": true,
            "resource_group_name": "tf-deploy-spoke-rg",
            "service_endpoint_policy_ids": null,
            "service_endpoints": null,
            "timeouts": null,
            "virtual_network_name": "vnet-spoke-002"
          },
          "sensitive_attributes": [],
          "private": "eyJlMmJmYjczMC1lY2FhLTExZTYtOGY4OC0zNDM2M2JjN2M0YzAiOnsiY3JlYXRlIjoxODAwMDAwMDAwMDAwLCJkZWxldGUiOjE4MDAwMDAwMDAwMDAsInJlYWQiOjMwMDAwMDAwMDAwMCwidXBkYXRlIjoxODAwMDAwMDAwMDAwfX0=",
          "dependencies": [
            "azurerm_resource_group.rg_spoke",
            "azurerm_virtual_network.spoke_vnet_002"
          ]
        },
        {
          "index_key": 1,
          "schema_version": 0,
          "attributes": {
            "address_prefixes": [
              "10.20.1.0/24"
            ],
            "delegation": [],
            "enforce_private_link_endpoint_network_policies": false,
            "enforce_private_link_service_network_policies": false,
            "id": "/subscriptions/42edd95d-ae8d-41c1-ac55-40bf336687b4/resourceGroups/tf-deploy-spoke-rg/providers/Microsoft.Network/virtualNetworks/vnet-spoke-002/subnets/subnet-2",
            "name": "subnet-2",
            "private_endpoint_network_policies_enabled": true,
            "private_link_service_network_policies_enabled": true,
            "resource_group_name": "tf-deploy-spoke-rg",
            "service_endpoint_policy_ids": null,
            "service_endpoints": null,
            "timeouts": null,
            "virtual_network_name": "vnet-spoke-002"
          },
          "sensitive_attributes": [],
          "private": "eyJlMmJmYjczMC1lY2FhLTExZTYtOGY4OC0zNDM2M2JjN2M0YzAiOnsiY3JlYXRlIjoxODAwMDAwMDAwMDAwLCJkZWxldGUiOjE4MDAwMDAwMDAwMDAsInJlYWQiOjMwMDAwMDAwMDAwMCwidXBkYXRlIjoxODAwMDAwMDAwMDAwfX0=",
          "dependencies": [
            "azurerm_resource_group.rg_spoke",
            "azurerm_virtual_network.spoke_vnet_002"
          ]
        }
      ]
    },
    {
      "mode": "managed",
      "type": "azurerm_subnet_network_security_group_association",
      "name": "nsg_hub_association",
      "provider": "provider[\"registry.terraform.io/hashicorp/azurerm\"]",
      "instances": [
        {
          "schema_version": 0,
          "attributes": {
            "id": "/subscriptions/42edd95d-ae8d-41c1-ac55-40bf336687b4/resourceGroups/tf-deploy-hub-rg/providers/Microsoft.Network/virtualNetworks/vnet-hub/subnets/subnet-hub-001",
            "network_security_group_id": "/subscriptions/42edd95d-ae8d-41c1-ac55-40bf336687b4/resourceGroups/tf-deploy-hub-rg/providers/Microsoft.Network/networkSecurityGroups/nsg-hub",
            "subnet_id": "/subscriptions/42edd95d-ae8d-41c1-ac55-40bf336687b4/resourceGroups/tf-deploy-hub-rg/providers/Microsoft.Network/virtualNetworks/vnet-hub/subnets/subnet-hub-001",
            "timeouts": null
          },
          "sensitive_attributes": [],
          "private": "eyJlMmJmYjczMC1lY2FhLTExZTYtOGY4OC0zNDM2M2JjN2M0YzAiOnsiY3JlYXRlIjoxODAwMDAwMDAwMDAwLCJkZWxldGUiOjE4MDAwMDAwMDAwMDAsInJlYWQiOjMwMDAwMDAwMDAwMCwidXBkYXRlIjoxODAwMDAwMDAwMDAwfX0=",
          "dependencies": [
            "azurerm_network_security_group.nsg_hub",
            "azurerm_resource_group.rg_hub",
            "azurerm_subnet.hub_subnets",
            "azurerm_virtual_network.hub_vnet"
          ]
        }
      ]
    },
    {
      "mode": "managed",
      "type": "azurerm_subnet_network_security_group_association",
      "name": "nsg_spoke001_association",
      "provider": "provider[\"registry.terraform.io/hashicorp/azurerm\"]",
      "instances": [
        {
          "index_key": 0,
          "schema_version": 0,
          "attributes": {
            "id": "/subscriptions/42edd95d-ae8d-41c1-ac55-40bf336687b4/resourceGroups/tf-deploy-spoke-rg/providers/Microsoft.Network/virtualNetworks/vnet-spoke-001/subnets/subnet-1",
            "network_security_group_id": "/subscriptions/42edd95d-ae8d-41c1-ac55-40bf336687b4/resourceGroups/tf-deploy-spoke-rg/providers/Microsoft.Network/networkSecurityGroups/nsg-spoke-001",
            "subnet_id": "/subscriptions/42edd95d-ae8d-41c1-ac55-40bf336687b4/resourceGroups/tf-deploy-spoke-rg/providers/Microsoft.Network/virtualNetworks/vnet-spoke-001/subnets/subnet-1",
            "timeouts": null
          },
          "sensitive_attributes": [],
          "private": "eyJlMmJmYjczMC1lY2FhLTExZTYtOGY4OC0zNDM2M2JjN2M0YzAiOnsiY3JlYXRlIjoxODAwMDAwMDAwMDAwLCJkZWxldGUiOjE4MDAwMDAwMDAwMDAsInJlYWQiOjMwMDAwMDAwMDAwMCwidXBkYXRlIjoxODAwMDAwMDAwMDAwfX0=",
          "dependencies": [
            "azurerm_network_security_group.nsg_spoke001",
            "azurerm_resource_group.rg_spoke",
            "azurerm_subnet.spoke_001_subnets",
            "azurerm_virtual_network.spoke_vnet_001"
          ]
        },
        {
          "index_key": 1,
          "schema_version": 0,
          "attributes": {
            "id": "/subscriptions/42edd95d-ae8d-41c1-ac55-40bf336687b4/resourceGroups/tf-deploy-spoke-rg/providers/Microsoft.Network/virtualNetworks/vnet-spoke-001/subnets/subnet-2",
            "network_security_group_id": "/subscriptions/42edd95d-ae8d-41c1-ac55-40bf336687b4/resourceGroups/tf-deploy-spoke-rg/providers/Microsoft.Network/networkSecurityGroups/nsg-spoke-001",
            "subnet_id": "/subscriptions/42edd95d-ae8d-41c1-ac55-40bf336687b4/resourceGroups/tf-deploy-spoke-rg/providers/Microsoft.Network/virtualNetworks/vnet-spoke-001/subnets/subnet-2",
            "timeouts": null
          },
          "sensitive_attributes": [],
          "private": "eyJlMmJmYjczMC1lY2FhLTExZTYtOGY4OC0zNDM2M2JjN2M0YzAiOnsiY3JlYXRlIjoxODAwMDAwMDAwMDAwLCJkZWxldGUiOjE4MDAwMDAwMDAwMDAsInJlYWQiOjMwMDAwMDAwMDAwMCwidXBkYXRlIjoxODAwMDAwMDAwMDAwfX0=",
          "dependencies": [
            "azurerm_network_security_group.nsg_spoke001",
            "azurerm_resource_group.rg_spoke",
            "azurerm_subnet.spoke_001_subnets",
            "azurerm_virtual_network.spoke_vnet_001"
          ]
        }
      ]
    },
    {
      "mode": "managed",
      "type": "azurerm_subnet_network_security_group_association",
      "name": "nsg_spoke002_association",
      "provider": "provider[\"registry.terraform.io/hashicorp/azurerm\"]",
      "instances": [
        {
          "index_key": 0,
          "schema_version": 0,
          "attributes": {
            "id": "/subscriptions/42edd95d-ae8d-41c1-ac55-40bf336687b4/resourceGroups/tf-deploy-spoke-rg/providers/Microsoft.Network/virtualNetworks/vnet-spoke-002/subnets/subnet-1",
            "network_security_group_id": "/subscriptions/42edd95d-ae8d-41c1-ac55-40bf336687b4/resourceGroups/tf-deploy-spoke-rg/providers/Microsoft.Network/networkSecurityGroups/nsg-spoke-002",
            "subnet_id": "/subscriptions/42edd95d-ae8d-41c1-ac55-40bf336687b4/resourceGroups/tf-deploy-spoke-rg/providers/Microsoft.Network/virtualNetworks/vnet-spoke-002/subnets/subnet-1",
            "timeouts": null
          },
          "sensitive_attributes": [],
          "private": "eyJlMmJmYjczMC1lY2FhLTExZTYtOGY4OC0zNDM2M2JjN2M0YzAiOnsiY3JlYXRlIjoxODAwMDAwMDAwMDAwLCJkZWxldGUiOjE4MDAwMDAwMDAwMDAsInJlYWQiOjMwMDAwMDAwMDAwMCwidXBkYXRlIjoxODAwMDAwMDAwMDAwfX0=",
          "dependencies": [
            "azurerm_network_security_group.nsg_spoke002",
            "azurerm_resource_group.rg_spoke",
            "azurerm_subnet.spoke_002_subnets",
            "azurerm_virtual_network.spoke_vnet_002"
          ]
        },
        {
          "index_key": 1,
          "schema_version": 0,
          "attributes": {
            "id": "/subscriptions/42edd95d-ae8d-41c1-ac55-40bf336687b4/resourceGroups/tf-deploy-spoke-rg/providers/Microsoft.Network/virtualNetworks/vnet-spoke-002/subnets/subnet-2",
            "network_security_group_id": "/subscriptions/42edd95d-ae8d-41c1-ac55-40bf336687b4/resourceGroups/tf-deploy-spoke-rg/providers/Microsoft.Network/networkSecurityGroups/nsg-spoke-002",
            "subnet_id": "/subscriptions/42edd95d-ae8d-41c1-ac55-40bf336687b4/resourceGroups/tf-deploy-spoke-rg/providers/Microsoft.Network/virtualNetworks/vnet-spoke-002/subnets/subnet-2",
            "timeouts": null
          },
          "sensitive_attributes": [],
          "private": "eyJlMmJmYjczMC1lY2FhLTExZTYtOGY4OC0zNDM2M2JjN2M0YzAiOnsiY3JlYXRlIjoxODAwMDAwMDAwMDAwLCJkZWxldGUiOjE4MDAwMDAwMDAwMDAsInJlYWQiOjMwMDAwMDAwMDAwMCwidXBkYXRlIjoxODAwMDAwMDAwMDAwfX0=",
          "dependencies": [
            "azurerm_network_security_group.nsg_spoke002",
            "azurerm_resource_group.rg_spoke",
            "azurerm_subnet.spoke_002_subnets",
            "azurerm_virtual_network.spoke_vnet_002"
          ]
        }
      ]
    },
    {
      "mode": "managed",
      "type": "azurerm_subnet_route_table_association",
      "name": "spoken001_rt_association",
      "provider": "provider[\"registry.terraform.io/hashicorp/azurerm\"]",
      "instances": [
        {
          "index_key": 0,
          "schema_version": 0,
          "attributes": {
            "id": "/subscriptions/42edd95d-ae8d-41c1-ac55-40bf336687b4/resourceGroups/tf-deploy-spoke-rg/providers/Microsoft.Network/virtualNetworks/vnet-spoke-001/subnets/subnet-1",
            "route_table_id": "/subscriptions/42edd95d-ae8d-41c1-ac55-40bf336687b4/resourceGroups/tf-deploy-spoke-rg/providers/Microsoft.Network/routeTables/rt-spoke001",
            "subnet_id": "/subscriptions/42edd95d-ae8d-41c1-ac55-40bf336687b4/resourceGroups/tf-deploy-spoke-rg/providers/Microsoft.Network/virtualNetworks/vnet-spoke-001/subnets/subnet-1",
            "timeouts": null
          },
          "sensitive_attributes": [],
          "private": "eyJlMmJmYjczMC1lY2FhLTExZTYtOGY4OC0zNDM2M2JjN2M0YzAiOnsiY3JlYXRlIjoxODAwMDAwMDAwMDAwLCJkZWxldGUiOjE4MDAwMDAwMDAwMDAsInJlYWQiOjMwMDAwMDAwMDAwMCwidXBkYXRlIjoxODAwMDAwMDAwMDAwfX0=",
          "dependencies": [
            "azurerm_firewall.azfw_hub",
            "azurerm_firewall_policy.azfw_hub_policy",
            "azurerm_public_ip.azfw_hub_pip",
            "azurerm_resource_group.rg_hub",
            "azurerm_resource_group.rg_spoke",
            "azurerm_route_table.spoke001_rt",
            "azurerm_subnet.hub_subnets",
            "azurerm_subnet.spoke_001_subnets",
            "azurerm_virtual_network.hub_vnet",
            "azurerm_virtual_network.spoke_vnet_001"
          ]
        },
        {
          "index_key": 1,
          "schema_version": 0,
          "attributes": {
            "id": "/subscriptions/42edd95d-ae8d-41c1-ac55-40bf336687b4/resourceGroups/tf-deploy-spoke-rg/providers/Microsoft.Network/virtualNetworks/vnet-spoke-001/subnets/subnet-2",
            "route_table_id": "/subscriptions/42edd95d-ae8d-41c1-ac55-40bf336687b4/resourceGroups/tf-deploy-spoke-rg/providers/Microsoft.Network/routeTables/rt-spoke001",
            "subnet_id": "/subscriptions/42edd95d-ae8d-41c1-ac55-40bf336687b4/resourceGroups/tf-deploy-spoke-rg/providers/Microsoft.Network/virtualNetworks/vnet-spoke-001/subnets/subnet-2",
            "timeouts": null
          },
          "sensitive_attributes": [],
          "private": "eyJlMmJmYjczMC1lY2FhLTExZTYtOGY4OC0zNDM2M2JjN2M0YzAiOnsiY3JlYXRlIjoxODAwMDAwMDAwMDAwLCJkZWxldGUiOjE4MDAwMDAwMDAwMDAsInJlYWQiOjMwMDAwMDAwMDAwMCwidXBkYXRlIjoxODAwMDAwMDAwMDAwfX0=",
          "dependencies": [
            "azurerm_firewall.azfw_hub",
            "azurerm_firewall_policy.azfw_hub_policy",
            "azurerm_public_ip.azfw_hub_pip",
            "azurerm_resource_group.rg_hub",
            "azurerm_resource_group.rg_spoke",
            "azurerm_route_table.spoke001_rt",
            "azurerm_subnet.hub_subnets",
            "azurerm_subnet.spoke_001_subnets",
            "azurerm_virtual_network.hub_vnet",
            "azurerm_virtual_network.spoke_vnet_001"
          ]
        }
      ]
    },
    {
      "mode": "managed",
      "type": "azurerm_subnet_route_table_association",
      "name": "spoken002_rt_association",
      "provider": "provider[\"registry.terraform.io/hashicorp/azurerm\"]",
      "instances": [
        {
          "index_key": 0,
          "schema_version": 0,
          "attributes": {
            "id": "/subscriptions/42edd95d-ae8d-41c1-ac55-40bf336687b4/resourceGroups/tf-deploy-spoke-rg/providers/Microsoft.Network/virtualNetworks/vnet-spoke-002/subnets/subnet-1",
            "route_table_id": "/subscriptions/42edd95d-ae8d-41c1-ac55-40bf336687b4/resourceGroups/tf-deploy-spoke-rg/providers/Microsoft.Network/routeTables/rt-spoke002",
            "subnet_id": "/subscriptions/42edd95d-ae8d-41c1-ac55-40bf336687b4/resourceGroups/tf-deploy-spoke-rg/providers/Microsoft.Network/virtualNetworks/vnet-spoke-002/subnets/subnet-1",
            "timeouts": null
          },
          "sensitive_attributes": [],
          "private": "eyJlMmJmYjczMC1lY2FhLTExZTYtOGY4OC0zNDM2M2JjN2M0YzAiOnsiY3JlYXRlIjoxODAwMDAwMDAwMDAwLCJkZWxldGUiOjE4MDAwMDAwMDAwMDAsInJlYWQiOjMwMDAwMDAwMDAwMCwidXBkYXRlIjoxODAwMDAwMDAwMDAwfX0=",
          "dependencies": [
            "azurerm_firewall.azfw_hub",
            "azurerm_firewall_policy.azfw_hub_policy",
            "azurerm_public_ip.azfw_hub_pip",
            "azurerm_resource_group.rg_hub",
            "azurerm_resource_group.rg_spoke",
            "azurerm_route_table.spoke002_rt",
            "azurerm_subnet.hub_subnets",
            "azurerm_subnet.spoke_002_subnets",
            "azurerm_virtual_network.hub_vnet",
            "azurerm_virtual_network.spoke_vnet_002"
          ]
        },
        {
          "index_key": 1,
          "schema_version": 0,
          "attributes": {
            "id": "/subscriptions/42edd95d-ae8d-41c1-ac55-40bf336687b4/resourceGroups/tf-deploy-spoke-rg/providers/Microsoft.Network/virtualNetworks/vnet-spoke-002/subnets/subnet-2",
            "route_table_id": "/subscriptions/42edd95d-ae8d-41c1-ac55-40bf336687b4/resourceGroups/tf-deploy-spoke-rg/providers/Microsoft.Network/routeTables/rt-spoke002",
            "subnet_id": "/subscriptions/42edd95d-ae8d-41c1-ac55-40bf336687b4/resourceGroups/tf-deploy-spoke-rg/providers/Microsoft.Network/virtualNetworks/vnet-spoke-002/subnets/subnet-2",
            "timeouts": null
          },
          "sensitive_attributes": [],
          "private": "eyJlMmJmYjczMC1lY2FhLTExZTYtOGY4OC0zNDM2M2JjN2M0YzAiOnsiY3JlYXRlIjoxODAwMDAwMDAwMDAwLCJkZWxldGUiOjE4MDAwMDAwMDAwMDAsInJlYWQiOjMwMDAwMDAwMDAwMCwidXBkYXRlIjoxODAwMDAwMDAwMDAwfX0=",
          "dependencies": [
            "azurerm_firewall.azfw_hub",
            "azurerm_firewall_policy.azfw_hub_policy",
            "azurerm_public_ip.azfw_hub_pip",
            "azurerm_resource_group.rg_hub",
            "azurerm_resource_group.rg_spoke",
            "azurerm_route_table.spoke002_rt",
            "azurerm_subnet.hub_subnets",
            "azurerm_subnet.spoke_002_subnets",
            "azurerm_virtual_network.hub_vnet",
            "azurerm_virtual_network.spoke_vnet_002"
          ]
        }
      ]
    },
    {
      "mode": "managed",
      "type": "azurerm_virtual_network",
      "name": "hub_vnet",
      "provider": "provider[\"registry.terraform.io/hashicorp/azurerm\"]",
      "instances": [
        {
          "schema_version": 0,
          "attributes": {
            "address_space": [
              "10.0.0.0/16"
            ],
            "bgp_community": "",
            "ddos_protection_plan": [],
            "dns_servers": [],
            "edge_zone": "",
            "encryption": [],
            "flow_timeout_in_minutes": 0,
            "guid": "ddc756a1-efbc-4bb6-847b-1be83ea6a5f8",
            "id": "/subscriptions/42edd95d-ae8d-41c1-ac55-40bf336687b4/resourceGroups/tf-deploy-hub-rg/providers/Microsoft.Network/virtualNetworks/vnet-hub",
            "location": "japaneast",
            "name": "vnet-hub",
            "resource_group_name": "tf-deploy-hub-rg",
            "subnet": [],
            "tags": null,
            "timeouts": null
          },
          "sensitive_attributes": [],
          "private": "eyJlMmJmYjczMC1lY2FhLTExZTYtOGY4OC0zNDM2M2JjN2M0YzAiOnsiY3JlYXRlIjoxODAwMDAwMDAwMDAwLCJkZWxldGUiOjE4MDAwMDAwMDAwMDAsInJlYWQiOjMwMDAwMDAwMDAwMCwidXBkYXRlIjoxODAwMDAwMDAwMDAwfX0=",
          "dependencies": [
            "azurerm_resource_group.rg_hub"
          ]
        }
      ]
    },
    {
      "mode": "managed",
      "type": "azurerm_virtual_network",
      "name": "spoke_vnet_001",
      "provider": "provider[\"registry.terraform.io/hashicorp/azurerm\"]",
      "instances": [
        {
          "schema_version": 0,
          "attributes": {
            "address_space": [
              "10.10.0.0/16"
            ],
            "bgp_community": "",
            "ddos_protection_plan": [],
            "dns_servers": [],
            "edge_zone": "",
            "encryption": [],
            "flow_timeout_in_minutes": 0,
            "guid": "d19f5289-40f5-4664-bf3a-a21e4d3083a9",
            "id": "/subscriptions/42edd95d-ae8d-41c1-ac55-40bf336687b4/resourceGroups/tf-deploy-spoke-rg/providers/Microsoft.Network/virtualNetworks/vnet-spoke-001",
            "location": "japaneast",
            "name": "vnet-spoke-001",
            "resource_group_name": "tf-deploy-spoke-rg",
            "subnet": [],
            "tags": null,
            "timeouts": null
          },
          "sensitive_attributes": [],
          "private": "eyJlMmJmYjczMC1lY2FhLTExZTYtOGY4OC0zNDM2M2JjN2M0YzAiOnsiY3JlYXRlIjoxODAwMDAwMDAwMDAwLCJkZWxldGUiOjE4MDAwMDAwMDAwMDAsInJlYWQiOjMwMDAwMDAwMDAwMCwidXBkYXRlIjoxODAwMDAwMDAwMDAwfX0=",
          "dependencies": [
            "azurerm_resource_group.rg_spoke"
          ]
        }
      ]
    },
    {
      "mode": "managed",
      "type": "azurerm_virtual_network",
      "name": "spoke_vnet_002",
      "provider": "provider[\"registry.terraform.io/hashicorp/azurerm\"]",
      "instances": [
        {
          "schema_version": 0,
          "attributes": {
            "address_space": [
              "10.20.0.0/16"
            ],
            "bgp_community": "",
            "ddos_protection_plan": [],
            "dns_servers": [],
            "edge_zone": "",
            "encryption": [],
            "flow_timeout_in_minutes": 0,
            "guid": "fda27ad6-3b05-4661-a8ba-b40dbc735276",
            "id": "/subscriptions/42edd95d-ae8d-41c1-ac55-40bf336687b4/resourceGroups/tf-deploy-spoke-rg/providers/Microsoft.Network/virtualNetworks/vnet-spoke-002",
            "location": "japaneast",
            "name": "vnet-spoke-002",
            "resource_group_name": "tf-deploy-spoke-rg",
            "subnet": [],
            "tags": null,
            "timeouts": null
          },
          "sensitive_attributes": [],
          "private": "eyJlMmJmYjczMC1lY2FhLTExZTYtOGY4OC0zNDM2M2JjN2M0YzAiOnsiY3JlYXRlIjoxODAwMDAwMDAwMDAwLCJkZWxldGUiOjE4MDAwMDAwMDAwMDAsInJlYWQiOjMwMDAwMDAwMDAwMCwidXBkYXRlIjoxODAwMDAwMDAwMDAwfX0=",
          "dependencies": [
            "azurerm_resource_group.rg_spoke"
          ]
        }
      ]
    },
    {
      "mode": "managed",
      "type": "azurerm_virtual_network_peering",
      "name": "hub_to_spoke001",
      "provider": "provider[\"registry.terraform.io/hashicorp/azurerm\"]",
      "instances": [
        {
          "schema_version": 0,
          "attributes": {
            "allow_forwarded_traffic": true,
            "allow_gateway_transit": false,
            "allow_virtual_network_access": true,
            "id": "/subscriptions/42edd95d-ae8d-41c1-ac55-40bf336687b4/resourceGroups/tf-deploy-hub-rg/providers/Microsoft.Network/virtualNetworks/vnet-hub/virtualNetworkPeerings/hub-to-spoke001",
            "name": "hub-to-spoke001",
            "remote_virtual_network_id": "/subscriptions/42edd95d-ae8d-41c1-ac55-40bf336687b4/resourceGroups/tf-deploy-spoke-rg/providers/Microsoft.Network/virtualNetworks/vnet-spoke-001",
            "resource_group_name": "tf-deploy-hub-rg",
            "timeouts": null,
            "triggers": null,
            "use_remote_gateways": false,
            "virtual_network_name": "vnet-hub"
          },
          "sensitive_attributes": [],
          "private": "eyJlMmJmYjczMC1lY2FhLTExZTYtOGY4OC0zNDM2M2JjN2M0YzAiOnsiY3JlYXRlIjoxODAwMDAwMDAwMDAwLCJkZWxldGUiOjE4MDAwMDAwMDAwMDAsInJlYWQiOjMwMDAwMDAwMDAwMCwidXBkYXRlIjoxODAwMDAwMDAwMDAwfX0=",
          "dependencies": [
            "azurerm_resource_group.rg_hub",
            "azurerm_resource_group.rg_spoke",
            "azurerm_virtual_network.hub_vnet",
            "azurerm_virtual_network.spoke_vnet_001"
          ]
        }
      ]
    },
    {
      "mode": "managed",
      "type": "azurerm_virtual_network_peering",
      "name": "hub_to_spoke002",
      "provider": "provider[\"registry.terraform.io/hashicorp/azurerm\"]",
      "instances": [
        {
          "schema_version": 0,
          "attributes": {
            "allow_forwarded_traffic": true,
            "allow_gateway_transit": false,
            "allow_virtual_network_access": true,
            "id": "/subscriptions/42edd95d-ae8d-41c1-ac55-40bf336687b4/resourceGroups/tf-deploy-hub-rg/providers/Microsoft.Network/virtualNetworks/vnet-hub/virtualNetworkPeerings/hub-to-spoke002",
            "name": "hub-to-spoke002",
            "remote_virtual_network_id": "/subscriptions/42edd95d-ae8d-41c1-ac55-40bf336687b4/resourceGroups/tf-deploy-spoke-rg/providers/Microsoft.Network/virtualNetworks/vnet-spoke-002",
            "resource_group_name": "tf-deploy-hub-rg",
            "timeouts": null,
            "triggers": null,
            "use_remote_gateways": false,
            "virtual_network_name": "vnet-hub"
          },
          "sensitive_attributes": [],
          "private": "eyJlMmJmYjczMC1lY2FhLTExZTYtOGY4OC0zNDM2M2JjN2M0YzAiOnsiY3JlYXRlIjoxODAwMDAwMDAwMDAwLCJkZWxldGUiOjE4MDAwMDAwMDAwMDAsInJlYWQiOjMwMDAwMDAwMDAwMCwidXBkYXRlIjoxODAwMDAwMDAwMDAwfX0=",
          "dependencies": [
            "azurerm_resource_group.rg_hub",
            "azurerm_resource_group.rg_spoke",
            "azurerm_virtual_network.hub_vnet",
            "azurerm_virtual_network.spoke_vnet_002"
          ]
        }
      ]
    },
    {
      "mode": "managed",
      "type": "azurerm_virtual_network_peering",
      "name": "spoke001_to_hub",
      "provider": "provider[\"registry.terraform.io/hashicorp/azurerm\"]",
      "instances": [
        {
          "schema_version": 0,
          "attributes": {
            "allow_forwarded_traffic": true,
            "allow_gateway_transit": false,
            "allow_virtual_network_access": true,
            "id": "/subscriptions/42edd95d-ae8d-41c1-ac55-40bf336687b4/resourceGroups/tf-deploy-spoke-rg/providers/Microsoft.Network/virtualNetworks/vnet-spoke-001/virtualNetworkPeerings/spoke001-to-hub",
            "name": "spoke001-to-hub",
            "remote_virtual_network_id": "/subscriptions/42edd95d-ae8d-41c1-ac55-40bf336687b4/resourceGroups/tf-deploy-hub-rg/providers/Microsoft.Network/virtualNetworks/vnet-hub",
            "resource_group_name": "tf-deploy-spoke-rg",
            "timeouts": null,
            "triggers": null,
            "use_remote_gateways": false,
            "virtual_network_name": "vnet-spoke-001"
          },
          "sensitive_attributes": [],
          "private": "eyJlMmJmYjczMC1lY2FhLTExZTYtOGY4OC0zNDM2M2JjN2M0YzAiOnsiY3JlYXRlIjoxODAwMDAwMDAwMDAwLCJkZWxldGUiOjE4MDAwMDAwMDAwMDAsInJlYWQiOjMwMDAwMDAwMDAwMCwidXBkYXRlIjoxODAwMDAwMDAwMDAwfX0=",
          "dependencies": [
            "azurerm_resource_group.rg_hub",
            "azurerm_resource_group.rg_spoke",
            "azurerm_virtual_network.hub_vnet",
            "azurerm_virtual_network.spoke_vnet_001"
          ]
        }
      ]
    },
    {
      "mode": "managed",
      "type": "azurerm_virtual_network_peering",
      "name": "spoke002_to_hub",
      "provider": "provider[\"registry.terraform.io/hashicorp/azurerm\"]",
      "instances": [
        {
          "schema_version": 0,
          "attributes": {
            "allow_forwarded_traffic": true,
            "allow_gateway_transit": false,
            "allow_virtual_network_access": true,
            "id": "/subscriptions/42edd95d-ae8d-41c1-ac55-40bf336687b4/resourceGroups/tf-deploy-spoke-rg/providers/Microsoft.Network/virtualNetworks/vnet-spoke-002/virtualNetworkPeerings/spoke002-to-hub",
            "name": "spoke002-to-hub",
            "remote_virtual_network_id": "/subscriptions/42edd95d-ae8d-41c1-ac55-40bf336687b4/resourceGroups/tf-deploy-hub-rg/providers/Microsoft.Network/virtualNetworks/vnet-hub",
            "resource_group_name": "tf-deploy-spoke-rg",
            "timeouts": null,
            "triggers": null,
            "use_remote_gateways": false,
            "virtual_network_name": "vnet-spoke-002"
          },
          "sensitive_attributes": [],
          "private": "eyJlMmJmYjczMC1lY2FhLTExZTYtOGY4OC0zNDM2M2JjN2M0YzAiOnsiY3JlYXRlIjoxODAwMDAwMDAwMDAwLCJkZWxldGUiOjE4MDAwMDAwMDAwMDAsInJlYWQiOjMwMDAwMDAwMDAwMCwidXBkYXRlIjoxODAwMDAwMDAwMDAwfX0=",
          "dependencies": [
            "azurerm_resource_group.rg_hub",
            "azurerm_resource_group.rg_spoke",
            "azurerm_virtual_network.hub_vnet",
            "azurerm_virtual_network.spoke_vnet_002"
          ]
        }
      ]
    }
  ],
  "check_results": null
}
