{
  "version": 4,
  "terraform_version": "1.6.2",
  "serial": 52,
  "lineage": "b23a7b7a-d00b-c8e1-822c-162712754970",
  "outputs": {},
  "resources": [
    {
      "mode": "managed",
      "type": "azurerm_resource_group",
      "name": "aoai",
      "provider": "provider[\"registry.terraform.io/hashicorp/azurerm\"]",
      "instances": [
        {
          "schema_version": 0,
          "attributes": {
            "id": "/subscriptions/42edd95d-ae8d-41c1-ac55-40bf336687b4/resourceGroups/rg-aoai-dev",
            "location": "japaneast",
            "managed_by": "",
            "name": "rg-aoai-dev",
            "tags": {},
            "timeouts": null
          },
          "sensitive_attributes": [],
          "private": "eyJlMmJmYjczMC1lY2FhLTExZTYtOGY4OC0zNDM2M2JjN2M0YzAiOnsiY3JlYXRlIjo1NDAwMDAwMDAwMDAwLCJkZWxldGUiOjU0MDAwMDAwMDAwMDAsInJlYWQiOjMwMDAwMDAwMDAwMCwidXBkYXRlIjo1NDAwMDAwMDAwMDAwfX0="
        }
      ]
    },
    {
      "mode": "managed",
      "type": "random_id",
      "name": "aoai",
      "provider": "provider[\"registry.terraform.io/hashicorp/random\"]",
      "instances": [
        {
          "schema_version": 0,
          "attributes": {
            "b64_std": "iF6X3g==",
            "b64_url": "iF6X3g",
            "byte_length": 4,
            "dec": "2287900638",
            "hex": "885e97de",
            "id": "iF6X3g",
            "keepers": null,
            "prefix": null
          },
          "sensitive_attributes": []
        }
      ]
    },
    {
      "module": "module.aoai",
      "mode": "managed",
      "type": "azurerm_cognitive_account",
      "name": "aoai",
      "provider": "provider[\"registry.terraform.io/hashicorp/azurerm\"]",
      "instances": [
        {
          "schema_version": 0,
          "attributes": {
            "custom_question_answering_search_service_id": null,
            "custom_question_answering_search_service_key": null,
            "custom_subdomain_name": "aoai-885e97de-dev",
            "customer_managed_key": [],
            "dynamic_throttling_enabled": false,
            "endpoint": "https://aoai-885e97de-dev.openai.azure.com/",
            "fqdns": [],
            "id": "/subscriptions/42edd95d-ae8d-41c1-ac55-40bf336687b4/resourceGroups/rg-aoai-dev/providers/Microsoft.CognitiveServices/accounts/aoai-dev",
            "identity": [],
            "kind": "OpenAI",
            "local_auth_enabled": true,
            "location": "japaneast",
            "metrics_advisor_aad_client_id": null,
            "metrics_advisor_aad_tenant_id": null,
            "metrics_advisor_super_user_name": null,
            "metrics_advisor_website_name": null,
            "name": "aoai-dev",
            "network_acls": [
              {
                "default_action": "Deny",
                "ip_rules": [],
                "virtual_network_rules": []
              }
            ],
            "outbound_network_access_restricted": false,
            "primary_access_key": "d0d880617fd444458624fe67cab0557e",
            "public_network_access_enabled": false,
            "qna_runtime_endpoint": null,
            "resource_group_name": "rg-aoai-dev",
            "secondary_access_key": "5f0d7c844a7b4ecba9e3592d78b0587f",
            "sku_name": "S0",
            "storage": [],
            "tags": {},
            "timeouts": null
          },
          "sensitive_attributes": [],
          "private": "eyJlMmJmYjczMC1lY2FhLTExZTYtOGY4OC0zNDM2M2JjN2M0YzAiOnsiY3JlYXRlIjoxODAwMDAwMDAwMDAwLCJkZWxldGUiOjE4MDAwMDAwMDAwMDAsInJlYWQiOjMwMDAwMDAwMDAwMCwidXBkYXRlIjoxODAwMDAwMDAwMDAwfX0=",
          "dependencies": [
            "azurerm_resource_group.aoai",
            "random_id.aoai"
          ]
        }
      ]
    },
    {
      "module": "module.aoai",
      "mode": "managed",
      "type": "azurerm_cognitive_deployment",
      "name": "chat",
      "provider": "provider[\"registry.terraform.io/hashicorp/azurerm\"]",
      "instances": [
        {
          "schema_version": 0,
          "attributes": {
            "cognitive_account_id": "/subscriptions/42edd95d-ae8d-41c1-ac55-40bf336687b4/resourceGroups/rg-aoai-dev/providers/Microsoft.CognitiveServices/accounts/aoai-dev",
            "id": "/subscriptions/42edd95d-ae8d-41c1-ac55-40bf336687b4/resourceGroups/rg-aoai-dev/providers/Microsoft.CognitiveServices/accounts/aoai-dev/deployments/aoai-dev-chat-model",
            "model": [
              {
                "format": "OpenAI",
                "name": "gpt-35-turbo",
                "version": "0613"
              }
            ],
            "name": "aoai-dev-chat-model",
            "rai_policy_name": "",
            "scale": [
              {
                "capacity": 1,
                "family": "",
                "size": "",
                "tier": "",
                "type": "Standard"
              }
            ],
            "timeouts": null,
            "version_upgrade_option": "OnceNewDefaultVersionAvailable"
          },
          "sensitive_attributes": [],
          "private": "eyJlMmJmYjczMC1lY2FhLTExZTYtOGY4OC0zNDM2M2JjN2M0YzAiOnsiY3JlYXRlIjoxODAwMDAwMDAwMDAwLCJkZWxldGUiOjE4MDAwMDAwMDAwMDAsInJlYWQiOjMwMDAwMDAwMDAwMCwidXBkYXRlIjoxODAwMDAwMDAwMDAwfX0=",
          "dependencies": [
            "azurerm_resource_group.aoai",
            "module.aoai.azurerm_cognitive_account.aoai",
            "random_id.aoai"
          ]
        }
      ]
    },
    {
      "module": "module.aoai",
      "mode": "managed",
      "type": "azurerm_private_dns_zone",
      "name": "aoai",
      "provider": "provider[\"registry.terraform.io/hashicorp/azurerm\"]",
      "instances": [
        {
          "schema_version": 0,
          "attributes": {
            "id": "/subscriptions/42edd95d-ae8d-41c1-ac55-40bf336687b4/resourceGroups/rg-aoai-dev/providers/Microsoft.Network/privateDnsZones/privatelink.openai.azure.com",
            "max_number_of_record_sets": 25000,
            "max_number_of_virtual_network_links": 1000,
            "max_number_of_virtual_network_links_with_registration": 100,
            "name": "privatelink.openai.azure.com",
            "number_of_record_sets": 2,
            "resource_group_name": "rg-aoai-dev",
            "soa_record": [
              {
                "email": "azureprivatedns-host.microsoft.com",
                "expire_time": 2419200,
                "fqdn": "privatelink.openai.azure.com.",
                "host_name": "azureprivatedns.net",
                "minimum_ttl": 10,
                "refresh_time": 3600,
                "retry_time": 300,
                "serial_number": 1,
                "tags": {},
                "ttl": 3600
              }
            ],
            "tags": {},
            "timeouts": null
          },
          "sensitive_attributes": [],
          "private": "eyJlMmJmYjczMC1lY2FhLTExZTYtOGY4OC0zNDM2M2JjN2M0YzAiOnsiY3JlYXRlIjoxODAwMDAwMDAwMDAwLCJkZWxldGUiOjE4MDAwMDAwMDAwMDAsInJlYWQiOjMwMDAwMDAwMDAwMCwidXBkYXRlIjoxODAwMDAwMDAwMDAwfX0=",
          "dependencies": [
            "azurerm_resource_group.aoai"
          ]
        }
      ]
    },
    {
      "module": "module.aoai",
      "mode": "managed",
      "type": "azurerm_private_dns_zone_virtual_network_link",
      "name": "aoai",
      "provider": "provider[\"registry.terraform.io/hashicorp/azurerm\"]",
      "instances": [
        {
          "schema_version": 0,
          "attributes": {
            "id": "/subscriptions/42edd95d-ae8d-41c1-ac55-40bf336687b4/resourceGroups/rg-aoai-dev/providers/Microsoft.Network/privateDnsZones/privatelink.openai.azure.com/virtualNetworkLinks/aoai-dev-pdnz-link",
            "name": "aoai-dev-pdnz-link",
            "private_dns_zone_name": "privatelink.openai.azure.com",
            "registration_enabled": false,
            "resource_group_name": "rg-aoai-dev",
            "tags": {},
            "timeouts": null,
            "virtual_network_id": "/subscriptions/42edd95d-ae8d-41c1-ac55-40bf336687b4/resourceGroups/rg-aoai-dev/providers/Microsoft.Network/virtualNetworks/vnet-aoai-dev"
          },
          "sensitive_attributes": [],
          "private": "eyJlMmJmYjczMC1lY2FhLTExZTYtOGY4OC0zNDM2M2JjN2M0YzAiOnsiY3JlYXRlIjoxODAwMDAwMDAwMDAwLCJkZWxldGUiOjE4MDAwMDAwMDAwMDAsInJlYWQiOjMwMDAwMDAwMDAwMCwidXBkYXRlIjoxODAwMDAwMDAwMDAwfX0=",
          "dependencies": [
            "azurerm_resource_group.aoai",
            "module.aoai.azurerm_private_dns_zone.aoai",
            "module.vnet.azurerm_virtual_network.workload"
          ]
        }
      ]
    },
    {
      "module": "module.aoai",
      "mode": "managed",
      "type": "azurerm_private_endpoint",
      "name": "aoai",
      "provider": "provider[\"registry.terraform.io/hashicorp/azurerm\"]",
      "instances": [
        {
          "schema_version": 0,
          "attributes": {
            "custom_dns_configs": [],
            "custom_network_interface_name": "",
            "id": "/subscriptions/42edd95d-ae8d-41c1-ac55-40bf336687b4/resourceGroups/rg-aoai-dev/providers/Microsoft.Network/privateEndpoints/aoai-dev-pe",
            "ip_configuration": [],
            "location": "japaneast",
            "name": "aoai-dev-pe",
            "network_interface": [
              {
                "id": "/subscriptions/42edd95d-ae8d-41c1-ac55-40bf336687b4/resourceGroups/rg-aoai-dev/providers/Microsoft.Network/networkInterfaces/aoai-dev-pe.nic.739b5219-06c2-415b-960b-aab49cf2d16a",
                "name": "aoai-dev-pe.nic.739b5219-06c2-415b-960b-aab49cf2d16a"
              }
            ],
            "private_dns_zone_configs": [
              {
                "id": "/subscriptions/42edd95d-ae8d-41c1-ac55-40bf336687b4/resourceGroups/rg-aoai-dev/providers/Microsoft.Network/privateEndpoints/aoai-dev-pe/privateDnsZoneGroups/aoai-dev-pdzg/privateDnsZoneConfigs/privatelink.openai.azure.com",
                "name": "privatelink.openai.azure.com",
                "private_dns_zone_id": "/subscriptions/42edd95d-ae8d-41c1-ac55-40bf336687b4/resourceGroups/rg-aoai-dev/providers/Microsoft.Network/privateDnsZones/privatelink.openai.azure.com",
                "record_sets": [
                  {
                    "fqdn": "aoai-885e97de-dev.privatelink.openai.azure.com",
                    "ip_addresses": [
                      "172.16.1.4"
                    ],
                    "name": "aoai-885e97de-dev",
                    "ttl": 10,
                    "type": "A"
                  }
                ]
              }
            ],
            "private_dns_zone_group": [
              {
                "id": "/subscriptions/42edd95d-ae8d-41c1-ac55-40bf336687b4/resourceGroups/rg-aoai-dev/providers/Microsoft.Network/privateEndpoints/aoai-dev-pe/privateDnsZoneGroups/aoai-dev-pdzg",
                "name": "aoai-dev-pdzg",
                "private_dns_zone_ids": [
                  "/subscriptions/42edd95d-ae8d-41c1-ac55-40bf336687b4/resourceGroups/rg-aoai-dev/providers/Microsoft.Network/privateDnsZones/privatelink.openai.azure.com"
                ]
              }
            ],
            "private_service_connection": [
              {
                "is_manual_connection": false,
                "name": "aoai-dev-psc",
                "private_connection_resource_alias": "",
                "private_connection_resource_id": "/subscriptions/42edd95d-ae8d-41c1-ac55-40bf336687b4/resourceGroups/rg-aoai-dev/providers/Microsoft.CognitiveServices/accounts/aoai-dev",
                "private_ip_address": "172.16.1.4",
                "request_message": "",
                "subresource_names": [
                  "account"
                ]
              }
            ],
            "resource_group_name": "rg-aoai-dev",
            "subnet_id": "/subscriptions/42edd95d-ae8d-41c1-ac55-40bf336687b4/resourceGroups/rg-aoai-dev/providers/Microsoft.Network/virtualNetworks/vnet-aoai-dev/subnets/subnet-pe",
            "tags": {},
            "timeouts": null
          },
          "sensitive_attributes": [],
          "private": "eyJlMmJmYjczMC1lY2FhLTExZTYtOGY4OC0zNDM2M2JjN2M0YzAiOnsiY3JlYXRlIjozNjAwMDAwMDAwMDAwLCJkZWxldGUiOjM2MDAwMDAwMDAwMDAsInJlYWQiOjMwMDAwMDAwMDAwMCwidXBkYXRlIjozNjAwMDAwMDAwMDAwfX0=",
          "dependencies": [
            "azurerm_resource_group.aoai",
            "module.aoai.azurerm_cognitive_account.aoai",
            "module.aoai.azurerm_private_dns_zone.aoai",
            "module.vnet.azurerm_subnet.pe",
            "module.vnet.azurerm_virtual_network.workload",
            "random_id.aoai"
          ]
        }
      ]
    },
    {
      "module": "module.vm_windows",
      "mode": "managed",
      "type": "azurerm_network_interface",
      "name": "windows",
      "provider": "provider[\"registry.terraform.io/hashicorp/azurerm\"]",
      "instances": [
        {
          "schema_version": 0,
          "attributes": {
            "applied_dns_servers": [],
            "auxiliary_mode": "",
            "auxiliary_sku": "",
            "dns_servers": [],
            "edge_zone": "",
            "enable_accelerated_networking": false,
            "enable_ip_forwarding": false,
            "id": "/subscriptions/42edd95d-ae8d-41c1-ac55-40bf336687b4/resourceGroups/rg-aoai-dev/providers/Microsoft.Network/networkInterfaces/vm-windows-dev-nic",
            "internal_dns_name_label": "",
            "internal_domain_name_suffix": "",
            "ip_configuration": [
              {
                "gateway_load_balancer_frontend_ip_configuration_id": "",
                "name": "ipconfig1",
                "primary": true,
                "private_ip_address": "172.16.0.4",
                "private_ip_address_allocation": "Dynamic",
                "private_ip_address_version": "IPv4",
                "public_ip_address_id": "/subscriptions/42edd95d-ae8d-41c1-ac55-40bf336687b4/resourceGroups/rg-aoai-dev/providers/Microsoft.Network/publicIPAddresses/vm-windows-dev-pip",
                "subnet_id": "/subscriptions/42edd95d-ae8d-41c1-ac55-40bf336687b4/resourceGroups/rg-aoai-dev/providers/Microsoft.Network/virtualNetworks/vnet-aoai-dev/subnets/subnet-jumpbox"
              }
            ],
            "location": "japaneast",
            "mac_address": "00-22-48-E6-9B-E9",
            "name": "vm-windows-dev-nic",
            "private_ip_address": "172.16.0.4",
            "private_ip_addresses": [
              "172.16.0.4"
            ],
            "resource_group_name": "rg-aoai-dev",
            "tags": {},
            "timeouts": null,
            "virtual_machine_id": ""
          },
          "sensitive_attributes": [],
          "private": "eyJlMmJmYjczMC1lY2FhLTExZTYtOGY4OC0zNDM2M2JjN2M0YzAiOnsiY3JlYXRlIjoxODAwMDAwMDAwMDAwLCJkZWxldGUiOjE4MDAwMDAwMDAwMDAsInJlYWQiOjMwMDAwMDAwMDAwMCwidXBkYXRlIjoxODAwMDAwMDAwMDAwfX0=",
          "dependencies": [
            "azurerm_resource_group.aoai",
            "module.vm_windows.azurerm_public_ip.windows",
            "module.vnet.azurerm_subnet.jumpbox",
            "module.vnet.azurerm_virtual_network.workload"
          ]
        }
      ]
    },
    {
      "module": "module.vm_windows",
      "mode": "managed",
      "type": "azurerm_public_ip",
      "name": "windows",
      "provider": "provider[\"registry.terraform.io/hashicorp/azurerm\"]",
      "instances": [
        {
          "schema_version": 0,
          "attributes": {
            "allocation_method": "Static",
            "ddos_protection_mode": "VirtualNetworkInherited",
            "ddos_protection_plan_id": null,
            "domain_name_label": null,
            "edge_zone": "",
            "fqdn": null,
            "id": "/subscriptions/42edd95d-ae8d-41c1-ac55-40bf336687b4/resourceGroups/rg-aoai-dev/providers/Microsoft.Network/publicIPAddresses/vm-windows-dev-pip",
            "idle_timeout_in_minutes": 4,
            "ip_address": "20.18.8.31",
            "ip_tags": {},
            "ip_version": "IPv4",
            "location": "japaneast",
            "name": "vm-windows-dev-pip",
            "public_ip_prefix_id": null,
            "resource_group_name": "rg-aoai-dev",
            "reverse_fqdn": null,
            "sku": "Basic",
            "sku_tier": "Regional",
            "tags": {},
            "timeouts": null,
            "zones": []
          },
          "sensitive_attributes": [],
          "private": "eyJlMmJmYjczMC1lY2FhLTExZTYtOGY4OC0zNDM2M2JjN2M0YzAiOnsiY3JlYXRlIjoxODAwMDAwMDAwMDAwLCJkZWxldGUiOjE4MDAwMDAwMDAwMDAsInJlYWQiOjMwMDAwMDAwMDAwMCwidXBkYXRlIjoxODAwMDAwMDAwMDAwfX0=",
          "dependencies": [
            "azurerm_resource_group.aoai"
          ]
        }
      ]
    },
    {
      "module": "module.vm_windows",
      "mode": "managed",
      "type": "azurerm_virtual_machine",
      "name": "windows",
      "provider": "provider[\"registry.terraform.io/hashicorp/azurerm\"]",
      "instances": [
        {
          "schema_version": 0,
          "attributes": {
            "additional_capabilities": [],
            "availability_set_id": null,
            "boot_diagnostics": [],
            "delete_data_disks_on_termination": false,
            "delete_os_disk_on_termination": true,
            "id": "/subscriptions/42edd95d-ae8d-41c1-ac55-40bf336687b4/resourceGroups/rg-aoai-dev/providers/Microsoft.Compute/virtualMachines/vm-windows-dev",
            "identity": [],
            "license_type": null,
            "location": "japaneast",
            "name": "vm-windows-dev",
            "network_interface_ids": [
              "/subscriptions/42edd95d-ae8d-41c1-ac55-40bf336687b4/resourceGroups/rg-aoai-dev/providers/Microsoft.Network/networkInterfaces/vm-windows-dev-nic"
            ],
            "os_profile": [
              {
                "admin_password": "",
                "admin_username": "azureuser",
                "computer_name": "vm-windows-dev",
                "custom_data": ""
              }
            ],
            "os_profile_linux_config": [],
            "os_profile_secrets": [],
            "os_profile_windows_config": [
              {
                "additional_unattend_config": [],
                "enable_automatic_upgrades": false,
                "provision_vm_agent": true,
                "timezone": "",
                "winrm": []
              }
            ],
            "plan": [],
            "primary_network_interface_id": null,
            "proximity_placement_group_id": null,
            "resource_group_name": "rg-aoai-dev",
            "storage_data_disk": [],
            "storage_image_reference": [
              {
                "id": "",
                "offer": "windows-11",
                "publisher": "microsoftwindowsdesktop",
                "sku": "win11-22h2-pro",
                "version": "latest"
              }
            ],
            "storage_os_disk": [
              {
                "caching": "ReadWrite",
                "create_option": "FromImage",
                "disk_size_gb": 127,
                "image_uri": "",
                "managed_disk_id": "/subscriptions/42edd95d-ae8d-41c1-ac55-40bf336687b4/resourceGroups/rg-aoai-dev/providers/Microsoft.Compute/disks/vm-windows-dev-osdisk",
                "managed_disk_type": "StandardSSD_LRS",
                "name": "vm-windows-dev-osdisk",
                "os_type": "Windows",
                "vhd_uri": "",
                "write_accelerator_enabled": false
              }
            ],
            "tags": null,
            "timeouts": null,
            "vm_size": "Standard_D2s_v3",
            "zones": null
          },
          "sensitive_attributes": [
            [
              {
                "type": "get_attr",
                "value": "os_profile"
              }
            ]
          ],
          "private": "eyJlMmJmYjczMC1lY2FhLTExZTYtOGY4OC0zNDM2M2JjN2M0YzAiOnsiY3JlYXRlIjozNjAwMDAwMDAwMDAwLCJkZWxldGUiOjM2MDAwMDAwMDAwMDAsInJlYWQiOjMwMDAwMDAwMDAwMCwidXBkYXRlIjozNjAwMDAwMDAwMDAwfX0=",
          "dependencies": [
            "azurerm_resource_group.aoai",
            "module.vm_windows.azurerm_network_interface.windows",
            "module.vm_windows.azurerm_public_ip.windows",
            "module.vnet.azurerm_subnet.jumpbox",
            "module.vnet.azurerm_virtual_network.workload"
          ]
        }
      ]
    },
    {
      "module": "module.vnet",
      "mode": "managed",
      "type": "azurerm_network_security_group",
      "name": "jumpbox",
      "provider": "provider[\"registry.terraform.io/hashicorp/azurerm\"]",
      "instances": [
        {
          "schema_version": 0,
          "attributes": {
            "id": "/subscriptions/42edd95d-ae8d-41c1-ac55-40bf336687b4/resourceGroups/rg-aoai-dev/providers/Microsoft.Network/networkSecurityGroups/nsg-jumpbox",
            "location": "japaneast",
            "name": "nsg-jumpbox",
            "resource_group_name": "rg-aoai-dev",
            "security_rule": [
              {
                "access": "Allow",
                "description": "",
                "destination_address_prefix": "*",
                "destination_address_prefixes": [],
                "destination_application_security_group_ids": [],
                "destination_port_range": "3389",
                "destination_port_ranges": [],
                "direction": "Inbound",
                "name": "allow-rdp",
                "priority": 100,
                "protocol": "Tcp",
                "source_address_prefix": "60.121.130.230",
                "source_address_prefixes": [],
                "source_application_security_group_ids": [],
                "source_port_range": "*",
                "source_port_ranges": []
              }
            ],
            "tags": {},
            "timeouts": null
          },
          "sensitive_attributes": [],
          "private": "eyJlMmJmYjczMC1lY2FhLTExZTYtOGY4OC0zNDM2M2JjN2M0YzAiOnsiY3JlYXRlIjoxODAwMDAwMDAwMDAwLCJkZWxldGUiOjE4MDAwMDAwMDAwMDAsInJlYWQiOjMwMDAwMDAwMDAwMCwidXBkYXRlIjoxODAwMDAwMDAwMDAwfX0=",
          "dependencies": [
            "azurerm_resource_group.aoai"
          ]
        }
      ]
    },
    {
      "module": "module.vnet",
      "mode": "managed",
      "type": "azurerm_network_security_group",
      "name": "pe",
      "provider": "provider[\"registry.terraform.io/hashicorp/azurerm\"]",
      "instances": [
        {
          "schema_version": 0,
          "attributes": {
            "id": "/subscriptions/42edd95d-ae8d-41c1-ac55-40bf336687b4/resourceGroups/rg-aoai-dev/providers/Microsoft.Network/networkSecurityGroups/nsg-pe",
            "location": "japaneast",
            "name": "nsg-pe",
            "resource_group_name": "rg-aoai-dev",
            "security_rule": [],
            "tags": {},
            "timeouts": null
          },
          "sensitive_attributes": [],
          "private": "eyJlMmJmYjczMC1lY2FhLTExZTYtOGY4OC0zNDM2M2JjN2M0YzAiOnsiY3JlYXRlIjoxODAwMDAwMDAwMDAwLCJkZWxldGUiOjE4MDAwMDAwMDAwMDAsInJlYWQiOjMwMDAwMDAwMDAwMCwidXBkYXRlIjoxODAwMDAwMDAwMDAwfX0=",
          "dependencies": [
            "azurerm_resource_group.aoai"
          ]
        }
      ]
    },
    {
      "module": "module.vnet",
      "mode": "managed",
      "type": "azurerm_network_security_rule",
      "name": "jumpbox_rdp",
      "provider": "provider[\"registry.terraform.io/hashicorp/azurerm\"]",
      "instances": [
        {
          "schema_version": 0,
          "attributes": {
            "access": "Allow",
            "description": "",
            "destination_address_prefix": "*",
            "destination_address_prefixes": [],
            "destination_application_security_group_ids": [],
            "destination_port_range": "3389",
            "destination_port_ranges": [],
            "direction": "Inbound",
            "id": "/subscriptions/42edd95d-ae8d-41c1-ac55-40bf336687b4/resourceGroups/rg-aoai-dev/providers/Microsoft.Network/networkSecurityGroups/nsg-jumpbox/securityRules/allow-rdp",
            "name": "allow-rdp",
            "network_security_group_name": "nsg-jumpbox",
            "priority": 100,
            "protocol": "Tcp",
            "resource_group_name": "rg-aoai-dev",
            "source_address_prefix": "60.121.130.230",
            "source_address_prefixes": [],
            "source_application_security_group_ids": [],
            "source_port_range": "*",
            "source_port_ranges": [],
            "timeouts": null
          },
          "sensitive_attributes": [],
          "private": "eyJlMmJmYjczMC1lY2FhLTExZTYtOGY4OC0zNDM2M2JjN2M0YzAiOnsiY3JlYXRlIjoxODAwMDAwMDAwMDAwLCJkZWxldGUiOjE4MDAwMDAwMDAwMDAsInJlYWQiOjMwMDAwMDAwMDAwMCwidXBkYXRlIjoxODAwMDAwMDAwMDAwfX0=",
          "dependencies": [
            "azurerm_resource_group.aoai",
            "module.vnet.azurerm_network_security_group.jumpbox"
          ]
        }
      ]
    },
    {
      "module": "module.vnet",
      "mode": "managed",
      "type": "azurerm_subnet",
      "name": "jumpbox",
      "provider": "provider[\"registry.terraform.io/hashicorp/azurerm\"]",
      "instances": [
        {
          "schema_version": 0,
          "attributes": {
            "address_prefixes": [
              "172.16.0.0/24"
            ],
            "delegation": [],
            "enforce_private_link_endpoint_network_policies": true,
            "enforce_private_link_service_network_policies": false,
            "id": "/subscriptions/42edd95d-ae8d-41c1-ac55-40bf336687b4/resourceGroups/rg-aoai-dev/providers/Microsoft.Network/virtualNetworks/vnet-aoai-dev/subnets/subnet-jumpbox",
            "name": "subnet-jumpbox",
            "private_endpoint_network_policies_enabled": false,
            "private_link_service_network_policies_enabled": true,
            "resource_group_name": "rg-aoai-dev",
            "service_endpoint_policy_ids": [],
            "service_endpoints": [],
            "timeouts": null,
            "virtual_network_name": "vnet-aoai-dev"
          },
          "sensitive_attributes": [],
          "private": "eyJlMmJmYjczMC1lY2FhLTExZTYtOGY4OC0zNDM2M2JjN2M0YzAiOnsiY3JlYXRlIjoxODAwMDAwMDAwMDAwLCJkZWxldGUiOjE4MDAwMDAwMDAwMDAsInJlYWQiOjMwMDAwMDAwMDAwMCwidXBkYXRlIjoxODAwMDAwMDAwMDAwfX0=",
          "dependencies": [
            "azurerm_resource_group.aoai",
            "module.vnet.azurerm_virtual_network.workload"
          ]
        }
      ]
    },
    {
      "module": "module.vnet",
      "mode": "managed",
      "type": "azurerm_subnet",
      "name": "pe",
      "provider": "provider[\"registry.terraform.io/hashicorp/azurerm\"]",
      "instances": [
        {
          "schema_version": 0,
          "attributes": {
            "address_prefixes": [
              "172.16.1.0/24"
            ],
            "delegation": [],
            "enforce_private_link_endpoint_network_policies": false,
            "enforce_private_link_service_network_policies": false,
            "id": "/subscriptions/42edd95d-ae8d-41c1-ac55-40bf336687b4/resourceGroups/rg-aoai-dev/providers/Microsoft.Network/virtualNetworks/vnet-aoai-dev/subnets/subnet-pe",
            "name": "subnet-pe",
            "private_endpoint_network_policies_enabled": true,
            "private_link_service_network_policies_enabled": true,
            "resource_group_name": "rg-aoai-dev",
            "service_endpoint_policy_ids": [],
            "service_endpoints": [],
            "timeouts": null,
            "virtual_network_name": "vnet-aoai-dev"
          },
          "sensitive_attributes": [],
          "private": "eyJlMmJmYjczMC1lY2FhLTExZTYtOGY4OC0zNDM2M2JjN2M0YzAiOnsiY3JlYXRlIjoxODAwMDAwMDAwMDAwLCJkZWxldGUiOjE4MDAwMDAwMDAwMDAsInJlYWQiOjMwMDAwMDAwMDAwMCwidXBkYXRlIjoxODAwMDAwMDAwMDAwfX0=",
          "dependencies": [
            "azurerm_resource_group.aoai",
            "module.vnet.azurerm_virtual_network.workload"
          ]
        }
      ]
    },
    {
      "module": "module.vnet",
      "mode": "managed",
      "type": "azurerm_subnet_network_security_group_association",
      "name": "jumpbox",
      "provider": "provider[\"registry.terraform.io/hashicorp/azurerm\"]",
      "instances": [
        {
          "schema_version": 0,
          "attributes": {
            "id": "/subscriptions/42edd95d-ae8d-41c1-ac55-40bf336687b4/resourceGroups/rg-aoai-dev/providers/Microsoft.Network/virtualNetworks/vnet-aoai-dev/subnets/subnet-jumpbox",
            "network_security_group_id": "/subscriptions/42edd95d-ae8d-41c1-ac55-40bf336687b4/resourceGroups/rg-aoai-dev/providers/Microsoft.Network/networkSecurityGroups/nsg-jumpbox",
            "subnet_id": "/subscriptions/42edd95d-ae8d-41c1-ac55-40bf336687b4/resourceGroups/rg-aoai-dev/providers/Microsoft.Network/virtualNetworks/vnet-aoai-dev/subnets/subnet-jumpbox",
            "timeouts": null
          },
          "sensitive_attributes": [],
          "private": "eyJlMmJmYjczMC1lY2FhLTExZTYtOGY4OC0zNDM2M2JjN2M0YzAiOnsiY3JlYXRlIjoxODAwMDAwMDAwMDAwLCJkZWxldGUiOjE4MDAwMDAwMDAwMDAsInJlYWQiOjMwMDAwMDAwMDAwMH19",
          "dependencies": [
            "azurerm_resource_group.aoai",
            "module.vnet.azurerm_network_security_group.jumpbox",
            "module.vnet.azurerm_subnet.jumpbox",
            "module.vnet.azurerm_virtual_network.workload"
          ]
        }
      ]
    },
    {
      "module": "module.vnet",
      "mode": "managed",
      "type": "azurerm_subnet_network_security_group_association",
      "name": "pe",
      "provider": "provider[\"registry.terraform.io/hashicorp/azurerm\"]",
      "instances": [
        {
          "schema_version": 0,
          "attributes": {
            "id": "/subscriptions/42edd95d-ae8d-41c1-ac55-40bf336687b4/resourceGroups/rg-aoai-dev/providers/Microsoft.Network/virtualNetworks/vnet-aoai-dev/subnets/subnet-pe",
            "network_security_group_id": "/subscriptions/42edd95d-ae8d-41c1-ac55-40bf336687b4/resourceGroups/rg-aoai-dev/providers/Microsoft.Network/networkSecurityGroups/nsg-pe",
            "subnet_id": "/subscriptions/42edd95d-ae8d-41c1-ac55-40bf336687b4/resourceGroups/rg-aoai-dev/providers/Microsoft.Network/virtualNetworks/vnet-aoai-dev/subnets/subnet-pe",
            "timeouts": null
          },
          "sensitive_attributes": [],
          "private": "eyJlMmJmYjczMC1lY2FhLTExZTYtOGY4OC0zNDM2M2JjN2M0YzAiOnsiY3JlYXRlIjoxODAwMDAwMDAwMDAwLCJkZWxldGUiOjE4MDAwMDAwMDAwMDAsInJlYWQiOjMwMDAwMDAwMDAwMH19",
          "dependencies": [
            "azurerm_resource_group.aoai",
            "module.vnet.azurerm_network_security_group.pe",
            "module.vnet.azurerm_subnet.pe",
            "module.vnet.azurerm_virtual_network.workload"
          ]
        }
      ]
    },
    {
      "module": "module.vnet",
      "mode": "managed",
      "type": "azurerm_virtual_network",
      "name": "workload",
      "provider": "provider[\"registry.terraform.io/hashicorp/azurerm\"]",
      "instances": [
        {
          "schema_version": 0,
          "attributes": {
            "address_space": [
              "172.16.0.0/16"
            ],
            "bgp_community": "",
            "ddos_protection_plan": [],
            "dns_servers": [],
            "edge_zone": "",
            "encryption": [],
            "flow_timeout_in_minutes": 0,
            "guid": "11b4d034-a05b-4b25-bb86-316257ad531b",
            "id": "/subscriptions/42edd95d-ae8d-41c1-ac55-40bf336687b4/resourceGroups/rg-aoai-dev/providers/Microsoft.Network/virtualNetworks/vnet-aoai-dev",
            "location": "japaneast",
            "name": "vnet-aoai-dev",
            "resource_group_name": "rg-aoai-dev",
            "subnet": [
              {
                "address_prefix": "172.16.0.0/24",
                "id": "/subscriptions/42edd95d-ae8d-41c1-ac55-40bf336687b4/resourceGroups/rg-aoai-dev/providers/Microsoft.Network/virtualNetworks/vnet-aoai-dev/subnets/subnet-jumpbox",
                "name": "subnet-jumpbox",
                "security_group": "/subscriptions/42edd95d-ae8d-41c1-ac55-40bf336687b4/resourceGroups/rg-aoai-dev/providers/Microsoft.Network/networkSecurityGroups/nsg-jumpbox"
              },
              {
                "address_prefix": "172.16.1.0/24",
                "id": "/subscriptions/42edd95d-ae8d-41c1-ac55-40bf336687b4/resourceGroups/rg-aoai-dev/providers/Microsoft.Network/virtualNetworks/vnet-aoai-dev/subnets/subnet-pe",
                "name": "subnet-pe",
                "security_group": "/subscriptions/42edd95d-ae8d-41c1-ac55-40bf336687b4/resourceGroups/rg-aoai-dev/providers/Microsoft.Network/networkSecurityGroups/nsg-pe"
              }
            ],
            "tags": {},
            "timeouts": null
          },
          "sensitive_attributes": [],
          "private": "eyJlMmJmYjczMC1lY2FhLTExZTYtOGY4OC0zNDM2M2JjN2M0YzAiOnsiY3JlYXRlIjoxODAwMDAwMDAwMDAwLCJkZWxldGUiOjE4MDAwMDAwMDAwMDAsInJlYWQiOjMwMDAwMDAwMDAwMCwidXBkYXRlIjoxODAwMDAwMDAwMDAwfX0=",
          "dependencies": [
            "azurerm_resource_group.aoai"
          ]
        }
      ]
    }
  ],
  "check_results": null
}
